// !$*UTF8*$!
{
	archiveVersion = 1;
	classes = {
	};
	objectVersion = 50;
	objects = {

/* Begin PBXBuildFile section */
		4E81E302E85B0984E52EAB9C /* Pods_Tips_Mart.framework in Frameworks */ = {isa = PBXBuildFile; fileRef = D808B406DD4D9FA9FFD62B6E /* Pods_Tips_Mart.framework */; };
		C20B327222CE464600533F75 /* PasswordBtn.swift in Sources */ = {isa = PBXBuildFile; fileRef = C20B327122CE464600533F75 /* PasswordBtn.swift */; };
		C20B327422CE715500533F75 /* LoginModel.swift in Sources */ = {isa = PBXBuildFile; fileRef = C20B327322CE715500533F75 /* LoginModel.swift */; };
		C220EADA22CF9DC9002C6B90 /* LogXib.xib in Resources */ = {isa = PBXBuildFile; fileRef = C220EADC22CF9DC9002C6B90 /* LogXib.xib */; };
		C220EAE322CF9F47002C6B90 /* RegXib.xib in Resources */ = {isa = PBXBuildFile; fileRef = C220EAE522CF9F47002C6B90 /* RegXib.xib */; };
		C220EAF422CFA708002C6B90 /* Localizable.strings in Resources */ = {isa = PBXBuildFile; fileRef = C220EAF622CFA708002C6B90 /* Localizable.strings */; };
		C2B4B7FA22CF49F70096CDC0 /* LoginViewModel.swift in Sources */ = {isa = PBXBuildFile; fileRef = C2B4B7F922CF49F70096CDC0 /* LoginViewModel.swift */; };
		C2B4B7FC22CF4B8A0096CDC0 /* LoginNetworkService.swift in Sources */ = {isa = PBXBuildFile; fileRef = C2B4B7FB22CF4B8A0096CDC0 /* LoginNetworkService.swift */; };
		C2B4B7FE22CF4E470096CDC0 /* UserData.swift in Sources */ = {isa = PBXBuildFile; fileRef = C2B4B7FD22CF4E470096CDC0 /* UserData.swift */; };
		C2B4B80122CF4F570096CDC0 /* URLS.swift in Sources */ = {isa = PBXBuildFile; fileRef = C2B4B80022CF4F570096CDC0 /* URLS.swift */; };
		C2B4B80422CF5D990096CDC0 /* RealmService.swift in Sources */ = {isa = PBXBuildFile; fileRef = C2B4B80322CF5D990096CDC0 /* RealmService.swift */; };
		C2B4B80622CF75D60096CDC0 /* RegistrationNetworkSerwice.swift in Sources */ = {isa = PBXBuildFile; fileRef = C2B4B80522CF75D60096CDC0 /* RegistrationNetworkSerwice.swift */; };
		C2B4B80922CF760B0096CDC0 /* NetworkProtocol.swift in Sources */ = {isa = PBXBuildFile; fileRef = C2B4B80822CF760B0096CDC0 /* NetworkProtocol.swift */; };
		C2B4B80C22CF76E20096CDC0 /* RegistrationModels.swift in Sources */ = {isa = PBXBuildFile; fileRef = C2B4B80B22CF76E20096CDC0 /* RegistrationModels.swift */; };
		C2B4B82B22CF93180096CDC0 /* RegistrationViewModel.swift in Sources */ = {isa = PBXBuildFile; fileRef = C2B4B82A22CF93180096CDC0 /* RegistrationViewModel.swift */; };
		C2C583B222CCAFBC004CBCBF /* AppDelegate.swift in Sources */ = {isa = PBXBuildFile; fileRef = C2C583B122CCAFBC004CBCBF /* AppDelegate.swift */; };
		C2C583B422CCAFBC004CBCBF /* LoginContoller.swift in Sources */ = {isa = PBXBuildFile; fileRef = C2C583B322CCAFBC004CBCBF /* LoginContoller.swift */; };
		C2C583B722CCAFBC004CBCBF /* Login.storyboard in Resources */ = {isa = PBXBuildFile; fileRef = C2C583B522CCAFBC004CBCBF /* Login.storyboard */; };
		C2C583B922CCAFBD004CBCBF /* Assets.xcassets in Resources */ = {isa = PBXBuildFile; fileRef = C2C583B822CCAFBD004CBCBF /* Assets.xcassets */; };
		C2C583BC22CCAFBD004CBCBF /* LaunchScreen.storyboard in Resources */ = {isa = PBXBuildFile; fileRef = C2C583BA22CCAFBD004CBCBF /* LaunchScreen.storyboard */; };
		C2C583CD22CCB8AD004CBCBF /* RealmRegRealm.swift in Sources */ = {isa = PBXBuildFile; fileRef = C2C583CC22CCB8AD004CBCBF /* RealmRegRealm.swift */; };
		C2C583E322CCCB51004CBCBF /* RegXib.swift in Sources */ = {isa = PBXBuildFile; fileRef = C2C583E222CCCB51004CBCBF /* RegXib.swift */; };
		C2C583E922CCD34C004CBCBF /* LogXib.swift in Sources */ = {isa = PBXBuildFile; fileRef = C2C583E822CCD34C004CBCBF /* LogXib.swift */; };
		C2C583EC22CCD5A7004CBCBF /* UIColor +Color.swift in Sources */ = {isa = PBXBuildFile; fileRef = C2C583EB22CCD5A7004CBCBF /* UIColor +Color.swift */; };
		C2C583F222CCE673004CBCBF /* PreLoginController.swift in Sources */ = {isa = PBXBuildFile; fileRef = C2C583F122CCE673004CBCBF /* PreLoginController.swift */; };
		C2C583F322CCE712004CBCBF /* PreLoginScrene.storyboard in Resources */ = {isa = PBXBuildFile; fileRef = C2C583F522CCE712004CBCBF /* PreLoginScrene.storyboard */; };
		C2C583F722CCFA5B004CBCBF /* Notification + Name.swift in Sources */ = {isa = PBXBuildFile; fileRef = C2C583F622CCFA5B004CBCBF /* Notification + Name.swift */; };
		C2C583FE22CCFCA2004CBCBF /* ContinueRegistration.storyboard in Resources */ = {isa = PBXBuildFile; fileRef = C2C583FD22CCFCA2004CBCBF /* ContinueRegistration.storyboard */; };
		C2C5840022CD0068004CBCBF /* ContinueRegistrationController.swift in Sources */ = {isa = PBXBuildFile; fileRef = C2C583FF22CD0068004CBCBF /* ContinueRegistrationController.swift */; };
		C2C5840222CD0474004CBCBF /* AgreementViewController.swift in Sources */ = {isa = PBXBuildFile; fileRef = C2C5840122CD0474004CBCBF /* AgreementViewController.swift */; };
		C2C5840422CDF987004CBCBF /* NavigationItem + Item.swift in Sources */ = {isa = PBXBuildFile; fileRef = C2C5840322CDF987004CBCBF /* NavigationItem + Item.swift */; };
		C2C5840622CDFE6D004CBCBF /* FinisRegistrationController.swift in Sources */ = {isa = PBXBuildFile; fileRef = C2C5840522CDFE6D004CBCBF /* FinisRegistrationController.swift */; };
		C2C5840A22CE01E4004CBCBF /* AuthView.swift in Sources */ = {isa = PBXBuildFile; fileRef = C2C5840922CE01E4004CBCBF /* AuthView.swift */; };
		C2C5840C22CE259F004CBCBF /* FinishRegView.swift in Sources */ = {isa = PBXBuildFile; fileRef = C2C5840B22CE259F004CBCBF /* FinishRegView.swift */; };
/* End PBXBuildFile section */

/* Begin PBXFileReference section */
		0699CE87327A0C8BDBBB4899 /* Pods-Tips-Mart-Tips-MartTests.release.xcconfig */ = {isa = PBXFileReference; includeInIndex = 1; lastKnownFileType = text.xcconfig; name = "Pods-Tips-Mart-Tips-MartTests.release.xcconfig"; path = "Pods/Target Support Files/Pods-Tips-Mart-Tips-MartTests/Pods-Tips-Mart-Tips-MartTests.release.xcconfig"; sourceTree = "<group>"; };
		2F915C3B5A9219FCA6541D05 /* Pods-Tips-Mart.debug.xcconfig */ = {isa = PBXFileReference; includeInIndex = 1; lastKnownFileType = text.xcconfig; name = "Pods-Tips-Mart.debug.xcconfig"; path = "Pods/Target Support Files/Pods-Tips-Mart/Pods-Tips-Mart.debug.xcconfig"; sourceTree = "<group>"; };
		67AB7A58E90B811C4D679C59 /* Pods-Tips-Mart.release.xcconfig */ = {isa = PBXFileReference; includeInIndex = 1; lastKnownFileType = text.xcconfig; name = "Pods-Tips-Mart.release.xcconfig"; path = "Pods/Target Support Files/Pods-Tips-Mart/Pods-Tips-Mart.release.xcconfig"; sourceTree = "<group>"; };
		7D663EEFADAD98675A0E6B60 /* Pods-Tips-Mart-Tips-MartTests.debug.xcconfig */ = {isa = PBXFileReference; includeInIndex = 1; lastKnownFileType = text.xcconfig; name = "Pods-Tips-Mart-Tips-MartTests.debug.xcconfig"; path = "Pods/Target Support Files/Pods-Tips-Mart-Tips-MartTests/Pods-Tips-Mart-Tips-MartTests.debug.xcconfig"; sourceTree = "<group>"; };
		87FE2A4375636C5D15B4E063 /* Pods_Tips_Mart_Tips_MartTests.framework */ = {isa = PBXFileReference; explicitFileType = wrapper.framework; includeInIndex = 0; path = Pods_Tips_Mart_Tips_MartTests.framework; sourceTree = BUILT_PRODUCTS_DIR; };
		C20B327122CE464600533F75 /* PasswordBtn.swift */ = {isa = PBXFileReference; lastKnownFileType = sourcecode.swift; path = PasswordBtn.swift; sourceTree = "<group>"; };
		C20B327322CE715500533F75 /* LoginModel.swift */ = {isa = PBXFileReference; lastKnownFileType = sourcecode.swift; path = LoginModel.swift; sourceTree = "<group>"; };
		C220EAD322CF9B3B002C6B90 /* ru */ = {isa = PBXFileReference; lastKnownFileType = text.plist.strings; name = ru; path = ru.lproj/LaunchScreen.strings; sourceTree = "<group>"; };
		C220EAD522CF9B3D002C6B90 /* ru */ = {isa = PBXFileReference; lastKnownFileType = file.storyboard; name = ru; path = ru.lproj/PreLoginScrene.storyboard; sourceTree = "<group>"; };
		C220EAD622CF9B4B002C6B90 /* uk */ = {isa = PBXFileReference; lastKnownFileType = text.plist.strings; name = uk; path = uk.lproj/LaunchScreen.strings; sourceTree = "<group>"; };
		C220EADB22CF9DC9002C6B90 /* Base */ = {isa = PBXFileReference; lastKnownFileType = file.xib; name = Base; path = Base.lproj/LogXib.xib; sourceTree = "<group>"; };
		C220EAE422CF9F47002C6B90 /* Base */ = {isa = PBXFileReference; lastKnownFileType = file.xib; name = Base; path = Base.lproj/RegXib.xib; sourceTree = "<group>"; };
		C220EAEC22CFA094002C6B90 /* en */ = {isa = PBXFileReference; lastKnownFileType = file.xib; name = en; path = en.lproj/RegXib.xib; sourceTree = "<group>"; };
		C220EAED22CFA0A4002C6B90 /* ru */ = {isa = PBXFileReference; lastKnownFileType = file.xib; name = ru; path = ru.lproj/RegXib.xib; sourceTree = "<group>"; };
		C220EAEE22CFA0B2002C6B90 /* uk */ = {isa = PBXFileReference; lastKnownFileType = file.xib; name = uk; path = uk.lproj/RegXib.xib; sourceTree = "<group>"; };
		C220EAEF22CFA166002C6B90 /* en */ = {isa = PBXFileReference; lastKnownFileType = file.xib; name = en; path = en.lproj/LogXib.xib; sourceTree = "<group>"; };
		C220EAF022CFA16C002C6B90 /* ru */ = {isa = PBXFileReference; lastKnownFileType = file.xib; name = ru; path = ru.lproj/LogXib.xib; sourceTree = "<group>"; };
		C220EAF122CFA170002C6B90 /* uk */ = {isa = PBXFileReference; lastKnownFileType = file.xib; name = uk; path = uk.lproj/LogXib.xib; sourceTree = "<group>"; };
		C220EAF522CFA708002C6B90 /* en */ = {isa = PBXFileReference; lastKnownFileType = text.plist.strings; name = en; path = en.lproj/Localizable.strings; sourceTree = "<group>"; };
		C220EAF722CFA70C002C6B90 /* ru */ = {isa = PBXFileReference; lastKnownFileType = text.plist.strings; name = ru; path = ru.lproj/Localizable.strings; sourceTree = "<group>"; };
		C220EAF822CFA70E002C6B90 /* uk */ = {isa = PBXFileReference; lastKnownFileType = text.plist.strings; name = uk; path = uk.lproj/Localizable.strings; sourceTree = "<group>"; };
		C256AB1C22CFFC5700970D7E /* en */ = {isa = PBXFileReference; lastKnownFileType = file.storyboard; name = en; path = en.lproj/Login.storyboard; sourceTree = "<group>"; };
		C256AB2122CFFC6E00970D7E /* uk */ = {isa = PBXFileReference; lastKnownFileType = file.storyboard; name = uk; path = uk.lproj/Login.storyboard; sourceTree = "<group>"; };
		C256AB2222CFFC7200970D7E /* ru */ = {isa = PBXFileReference; lastKnownFileType = file.storyboard; name = ru; path = ru.lproj/Login.storyboard; sourceTree = "<group>"; };
		C2B4B7F922CF49F70096CDC0 /* LoginViewModel.swift */ = {isa = PBXFileReference; lastKnownFileType = sourcecode.swift; path = LoginViewModel.swift; sourceTree = "<group>"; };
		C2B4B7FB22CF4B8A0096CDC0 /* LoginNetworkService.swift */ = {isa = PBXFileReference; lastKnownFileType = sourcecode.swift; path = LoginNetworkService.swift; sourceTree = "<group>"; };
		C2B4B7FD22CF4E470096CDC0 /* UserData.swift */ = {isa = PBXFileReference; lastKnownFileType = sourcecode.swift; path = UserData.swift; sourceTree = "<group>"; };
		C2B4B80022CF4F570096CDC0 /* URLS.swift */ = {isa = PBXFileReference; lastKnownFileType = sourcecode.swift; path = URLS.swift; sourceTree = "<group>"; };
		C2B4B80322CF5D990096CDC0 /* RealmService.swift */ = {isa = PBXFileReference; lastKnownFileType = sourcecode.swift; path = RealmService.swift; sourceTree = "<group>"; };
		C2B4B80522CF75D60096CDC0 /* RegistrationNetworkSerwice.swift */ = {isa = PBXFileReference; lastKnownFileType = sourcecode.swift; path = RegistrationNetworkSerwice.swift; sourceTree = "<group>"; };
		C2B4B80822CF760B0096CDC0 /* NetworkProtocol.swift */ = {isa = PBXFileReference; lastKnownFileType = sourcecode.swift; path = NetworkProtocol.swift; sourceTree = "<group>"; };
		C2B4B80B22CF76E20096CDC0 /* RegistrationModels.swift */ = {isa = PBXFileReference; lastKnownFileType = sourcecode.swift; path = RegistrationModels.swift; sourceTree = "<group>"; };
		C2B4B82122CF80D60096CDC0 /* XCTest.framework */ = {isa = PBXFileReference; lastKnownFileType = wrapper.framework; name = XCTest.framework; path = Platforms/iPhoneOS.platform/Developer/Library/Frameworks/XCTest.framework; sourceTree = DEVELOPER_DIR; };
		C2B4B82A22CF93180096CDC0 /* RegistrationViewModel.swift */ = {isa = PBXFileReference; lastKnownFileType = sourcecode.swift; path = RegistrationViewModel.swift; sourceTree = "<group>"; };
		C2C583AE22CCAFBC004CBCBF /* Tips-Mart.app */ = {isa = PBXFileReference; explicitFileType = wrapper.application; includeInIndex = 0; path = "Tips-Mart.app"; sourceTree = BUILT_PRODUCTS_DIR; };
		C2C583B122CCAFBC004CBCBF /* AppDelegate.swift */ = {isa = PBXFileReference; lastKnownFileType = sourcecode.swift; path = AppDelegate.swift; sourceTree = "<group>"; };
		C2C583B322CCAFBC004CBCBF /* LoginContoller.swift */ = {isa = PBXFileReference; lastKnownFileType = sourcecode.swift; path = LoginContoller.swift; sourceTree = "<group>"; };
		C2C583B822CCAFBD004CBCBF /* Assets.xcassets */ = {isa = PBXFileReference; lastKnownFileType = folder.assetcatalog; path = Assets.xcassets; sourceTree = "<group>"; };
		C2C583BB22CCAFBD004CBCBF /* Base */ = {isa = PBXFileReference; lastKnownFileType = file.storyboard; name = Base; path = Base.lproj/LaunchScreen.storyboard; sourceTree = "<group>"; };
		C2C583BD22CCAFBD004CBCBF /* Info.plist */ = {isa = PBXFileReference; lastKnownFileType = text.plist.xml; path = Info.plist; sourceTree = "<group>"; };
		C2C583CC22CCB8AD004CBCBF /* RealmRegRealm.swift */ = {isa = PBXFileReference; lastKnownFileType = sourcecode.swift; path = RealmRegRealm.swift; sourceTree = "<group>"; };
		C2C583DB22CCC182004CBCBF /* CustomFonts.swift */ = {isa = PBXFileReference; lastKnownFileType = sourcecode.swift; path = CustomFonts.swift; sourceTree = "<group>"; };
		C2C583DC22CCC182004CBCBF /* gotham_pro_medium.ttf */ = {isa = PBXFileReference; lastKnownFileType = file; path = gotham_pro_medium.ttf; sourceTree = "<group>"; };
		C2C583DD22CCC182004CBCBF /* gotham_pro_bold.ttf */ = {isa = PBXFileReference; lastKnownFileType = file; path = gotham_pro_bold.ttf; sourceTree = "<group>"; };
		C2C583DE22CCC182004CBCBF /* gotham_pro.ttf */ = {isa = PBXFileReference; lastKnownFileType = file; path = gotham_pro.ttf; sourceTree = "<group>"; };
		C2C583DF22CCC183004CBCBF /* gotham_pro_light.ttf */ = {isa = PBXFileReference; lastKnownFileType = file; path = gotham_pro_light.ttf; sourceTree = "<group>"; };
		C2C583E222CCCB51004CBCBF /* RegXib.swift */ = {isa = PBXFileReference; lastKnownFileType = sourcecode.swift; path = RegXib.swift; sourceTree = "<group>"; };
		C2C583E822CCD34C004CBCBF /* LogXib.swift */ = {isa = PBXFileReference; lastKnownFileType = sourcecode.swift; path = LogXib.swift; sourceTree = "<group>"; };
		C2C583EB22CCD5A7004CBCBF /* UIColor +Color.swift */ = {isa = PBXFileReference; lastKnownFileType = sourcecode.swift; path = "UIColor +Color.swift"; sourceTree = "<group>"; };
		C2C583F122CCE673004CBCBF /* PreLoginController.swift */ = {isa = PBXFileReference; lastKnownFileType = sourcecode.swift; path = PreLoginController.swift; sourceTree = "<group>"; };
		C2C583F422CCE712004CBCBF /* en */ = {isa = PBXFileReference; lastKnownFileType = file.storyboard; name = en; path = en.lproj/PreLoginScrene.storyboard; sourceTree = "<group>"; };
		C2C583F622CCFA5B004CBCBF /* Notification + Name.swift */ = {isa = PBXFileReference; lastKnownFileType = sourcecode.swift; path = "Notification + Name.swift"; sourceTree = "<group>"; };
		C2C583FD22CCFCA2004CBCBF /* ContinueRegistration.storyboard */ = {isa = PBXFileReference; lastKnownFileType = file.storyboard; path = ContinueRegistration.storyboard; sourceTree = "<group>"; };
		C2C583FF22CD0068004CBCBF /* ContinueRegistrationController.swift */ = {isa = PBXFileReference; lastKnownFileType = sourcecode.swift; path = ContinueRegistrationController.swift; sourceTree = "<group>"; };
		C2C5840122CD0474004CBCBF /* AgreementViewController.swift */ = {isa = PBXFileReference; lastKnownFileType = sourcecode.swift; path = AgreementViewController.swift; sourceTree = "<group>"; };
		C2C5840322CDF987004CBCBF /* NavigationItem + Item.swift */ = {isa = PBXFileReference; lastKnownFileType = sourcecode.swift; path = "NavigationItem + Item.swift"; sourceTree = "<group>"; };
		C2C5840522CDFE6D004CBCBF /* FinisRegistrationController.swift */ = {isa = PBXFileReference; lastKnownFileType = sourcecode.swift; path = FinisRegistrationController.swift; sourceTree = "<group>"; };
		C2C5840922CE01E4004CBCBF /* AuthView.swift */ = {isa = PBXFileReference; lastKnownFileType = sourcecode.swift; path = AuthView.swift; sourceTree = "<group>"; };
		C2C5840B22CE259F004CBCBF /* FinishRegView.swift */ = {isa = PBXFileReference; lastKnownFileType = sourcecode.swift; path = FinishRegView.swift; sourceTree = "<group>"; };
		D808B406DD4D9FA9FFD62B6E /* Pods_Tips_Mart.framework */ = {isa = PBXFileReference; explicitFileType = wrapper.framework; includeInIndex = 0; path = Pods_Tips_Mart.framework; sourceTree = BUILT_PRODUCTS_DIR; };
/* End PBXFileReference section */

/* Begin PBXFrameworksBuildPhase section */
		C2C583AB22CCAFBC004CBCBF /* Frameworks */ = {
			isa = PBXFrameworksBuildPhase;
			buildActionMask = 2147483647;
			files = (
				4E81E302E85B0984E52EAB9C /* Pods_Tips_Mart.framework in Frameworks */,
			);
			runOnlyForDeploymentPostprocessing = 0;
		};
/* End PBXFrameworksBuildPhase section */

/* Begin PBXGroup section */
		496A5D95E65C563C42832D02 /* Pods */ = {
			isa = PBXGroup;
			children = (
				2F915C3B5A9219FCA6541D05 /* Pods-Tips-Mart.debug.xcconfig */,
				67AB7A58E90B811C4D679C59 /* Pods-Tips-Mart.release.xcconfig */,
				7D663EEFADAD98675A0E6B60 /* Pods-Tips-Mart-Tips-MartTests.debug.xcconfig */,
				0699CE87327A0C8BDBBB4899 /* Pods-Tips-Mart-Tips-MartTests.release.xcconfig */,
			);
			name = Pods;
			sourceTree = "<group>";
		};
		89FA4530CF71F43268B309B3 /* Frameworks */ = {
			isa = PBXGroup;
			children = (
				C2B4B82122CF80D60096CDC0 /* XCTest.framework */,
				D808B406DD4D9FA9FFD62B6E /* Pods_Tips_Mart.framework */,
				87FE2A4375636C5D15B4E063 /* Pods_Tips_Mart_Tips_MartTests.framework */,
			);
			name = Frameworks;
			sourceTree = "<group>";
		};
		C2B4B7FF22CF4F450096CDC0 /* UTILITIES */ = {
			isa = PBXGroup;
			children = (
				C2B4B80022CF4F570096CDC0 /* URLS.swift */,
			);
			path = UTILITIES;
			sourceTree = "<group>";
		};
		C2B4B80222CF5D500096CDC0 /* UserData */ = {
			isa = PBXGroup;
			children = (
				C2C583CC22CCB8AD004CBCBF /* RealmRegRealm.swift */,
				C2B4B7FD22CF4E470096CDC0 /* UserData.swift */,
				C2B4B80322CF5D990096CDC0 /* RealmService.swift */,
			);
			path = UserData;
			sourceTree = "<group>";
		};
		C2B4B80A22CF76C00096CDC0 /* RegistrationModel */ = {
			isa = PBXGroup;
			children = (
				C2B4B80B22CF76E20096CDC0 /* RegistrationModels.swift */,
				C2B4B82A22CF93180096CDC0 /* RegistrationViewModel.swift */,
			);
			path = RegistrationModel;
			sourceTree = "<group>";
		};
		C2C583A522CCAFBC004CBCBF = {
			isa = PBXGroup;
			children = (
				C220EAF622CFA708002C6B90 /* Localizable.strings */,
				C2C583B022CCAFBC004CBCBF /* Tips-Mart */,
				C2C583AF22CCAFBC004CBCBF /* Products */,
				496A5D95E65C563C42832D02 /* Pods */,
				89FA4530CF71F43268B309B3 /* Frameworks */,
			);
			sourceTree = "<group>";
		};
		C2C583AF22CCAFBC004CBCBF /* Products */ = {
			isa = PBXGroup;
			children = (
				C2C583AE22CCAFBC004CBCBF /* Tips-Mart.app */,
			);
			name = Products;
			sourceTree = "<group>";
		};
		C2C583B022CCAFBC004CBCBF /* Tips-Mart */ = {
			isa = PBXGroup;
			children = (
				C2B4B80222CF5D500096CDC0 /* UserData */,
				C2B4B7FF22CF4F450096CDC0 /* UTILITIES */,
				C2C583EA22CCD597004CBCBF /* Extension */,
				C2C583DA22CCC175004CBCBF /* GothamPro */,
				C2C583C822CCB2D5004CBCBF /* App */,
				C2C583C322CCAFD1004CBCBF /* Screens */,
			);
			path = "Tips-Mart";
			sourceTree = "<group>";
		};
		C2C583C322CCAFD1004CBCBF /* Screens */ = {
			isa = PBXGroup;
			children = (
				C2C583C422CCB2A8004CBCBF /* LoginScrene */,
			);
			path = Screens;
			sourceTree = "<group>";
		};
		C2C583C422CCB2A8004CBCBF /* LoginScrene */ = {
			isa = PBXGroup;
			children = (
				C2B4B80A22CF76C00096CDC0 /* RegistrationModel */,
				C2C583F822CCFC5F004CBCBF /* ContinueRegistrationScrene */,
				C2C583C922CCB2F6004CBCBF /* API */,
				C2C583C722CCB2BF004CBCBF /* Controller */,
				C2C583C622CCB2B9004CBCBF /* View */,
				C2C583C522CCB2B3004CBCBF /* LoginModel */,
			);
			path = LoginScrene;
			sourceTree = "<group>";
		};
		C2C583C522CCB2B3004CBCBF /* LoginModel */ = {
			isa = PBXGroup;
			children = (
				C20B327322CE715500533F75 /* LoginModel.swift */,
				C2B4B7F922CF49F70096CDC0 /* LoginViewModel.swift */,
			);
			path = LoginModel;
			sourceTree = "<group>";
		};
		C2C583C622CCB2B9004CBCBF /* View */ = {
			isa = PBXGroup;
			children = (
				C2C583B522CCAFBC004CBCBF /* Login.storyboard */,
				C2C583E222CCCB51004CBCBF /* RegXib.swift */,
				C220EADC22CF9DC9002C6B90 /* LogXib.xib */,
				C2C583E822CCD34C004CBCBF /* LogXib.swift */,
				C220EAE522CF9F47002C6B90 /* RegXib.xib */,
			);
			path = View;
			sourceTree = "<group>";
		};
		C2C583C722CCB2BF004CBCBF /* Controller */ = {
			isa = PBXGroup;
			children = (
				C2C583B322CCAFBC004CBCBF /* LoginContoller.swift */,
			);
			path = Controller;
			sourceTree = "<group>";
		};
		C2C583C822CCB2D5004CBCBF /* App */ = {
			isa = PBXGroup;
			children = (
				C2C583B122CCAFBC004CBCBF /* AppDelegate.swift */,
				C2C583BA22CCAFBD004CBCBF /* LaunchScreen.storyboard */,
				C2C583F522CCE712004CBCBF /* PreLoginScrene.storyboard */,
				C2C583F122CCE673004CBCBF /* PreLoginController.swift */,
				C2C583BD22CCAFBD004CBCBF /* Info.plist */,
				C2C583B822CCAFBD004CBCBF /* Assets.xcassets */,
			);
			path = App;
			sourceTree = "<group>";
		};
		C2C583C922CCB2F6004CBCBF /* API */ = {
			isa = PBXGroup;
			children = (
				C2B4B7FB22CF4B8A0096CDC0 /* LoginNetworkService.swift */,
				C2B4B80522CF75D60096CDC0 /* RegistrationNetworkSerwice.swift */,
				C2B4B80822CF760B0096CDC0 /* NetworkProtocol.swift */,
			);
			path = API;
			sourceTree = "<group>";
		};
		C2C583DA22CCC175004CBCBF /* GothamPro */ = {
			isa = PBXGroup;
			children = (
				C2C583DB22CCC182004CBCBF /* CustomFonts.swift */,
				C2C583DD22CCC182004CBCBF /* gotham_pro_bold.ttf */,
				C2C583DF22CCC183004CBCBF /* gotham_pro_light.ttf */,
				C2C583DC22CCC182004CBCBF /* gotham_pro_medium.ttf */,
				C2C583DE22CCC182004CBCBF /* gotham_pro.ttf */,
			);
			path = GothamPro;
			sourceTree = "<group>";
		};
		C2C583EA22CCD597004CBCBF /* Extension */ = {
			isa = PBXGroup;
			children = (
				C2C583EB22CCD5A7004CBCBF /* UIColor +Color.swift */,
				C2C583F622CCFA5B004CBCBF /* Notification + Name.swift */,
				C2C5840322CDF987004CBCBF /* NavigationItem + Item.swift */,
				C20B327122CE464600533F75 /* PasswordBtn.swift */,
			);
			path = Extension;
			sourceTree = "<group>";
		};
		C2C583F822CCFC5F004CBCBF /* ContinueRegistrationScrene */ = {
			isa = PBXGroup;
			children = (
				C2C583FC22CCFC87004CBCBF /* Controller */,
				C2C583F922CCFC76004CBCBF /* view */,
			);
			path = ContinueRegistrationScrene;
			sourceTree = "<group>";
		};
		C2C583F922CCFC76004CBCBF /* view */ = {
			isa = PBXGroup;
			children = (
				C2C583FD22CCFCA2004CBCBF /* ContinueRegistration.storyboard */,
				C2C5840B22CE259F004CBCBF /* FinishRegView.swift */,
				C2C5840922CE01E4004CBCBF /* AuthView.swift */,
			);
			path = view;
			sourceTree = "<group>";
		};
		C2C583FC22CCFC87004CBCBF /* Controller */ = {
			isa = PBXGroup;
			children = (
				C2C583FF22CD0068004CBCBF /* ContinueRegistrationController.swift */,
				C2C5840122CD0474004CBCBF /* AgreementViewController.swift */,
				C2C5840522CDFE6D004CBCBF /* FinisRegistrationController.swift */,
			);
			path = Controller;
			sourceTree = "<group>";
		};
/* End PBXGroup section */

/* Begin PBXNativeTarget section */
		C2C583AD22CCAFBC004CBCBF /* Tips-Mart */ = {
			isa = PBXNativeTarget;
			buildConfigurationList = C2C583C022CCAFBD004CBCBF /* Build configuration list for PBXNativeTarget "Tips-Mart" */;
			buildPhases = (
				C8281AA0BDFF4925CC00F5CA /* [CP] Check Pods Manifest.lock */,
				C2C583AA22CCAFBC004CBCBF /* Sources */,
				C2C583AB22CCAFBC004CBCBF /* Frameworks */,
				C2C583AC22CCAFBC004CBCBF /* Resources */,
				3442B4954F27E02681E6E66B /* [CP] Embed Pods Frameworks */,
			);
			buildRules = (
			);
			dependencies = (
			);
			name = "Tips-Mart";
			productName = "Tips-Mart";
			productReference = C2C583AE22CCAFBC004CBCBF /* Tips-Mart.app */;
			productType = "com.apple.product-type.application";
		};
/* End PBXNativeTarget section */

/* Begin PBXProject section */
		C2C583A622CCAFBC004CBCBF /* Project object */ = {
			isa = PBXProject;
			attributes = {
				LastSwiftUpdateCheck = 1020;
				LastUpgradeCheck = 1020;
				ORGANIZATIONNAME = "Andrey Petrovskiy";
				TargetAttributes = {
					C2C583AD22CCAFBC004CBCBF = {
						CreatedOnToolsVersion = 10.2.1;
					};
				};
			};
			buildConfigurationList = C2C583A922CCAFBC004CBCBF /* Build configuration list for PBXProject "Tips-Mart" */;
			compatibilityVersion = "Xcode 9.3";
			developmentRegion = en;
			hasScannedForEncodings = 0;
			knownRegions = (
				en,
				Base,
				ru,
				uk,
			);
			mainGroup = C2C583A522CCAFBC004CBCBF;
			productRefGroup = C2C583AF22CCAFBC004CBCBF /* Products */;
			projectDirPath = "";
			projectRoot = "";
			targets = (
				C2C583AD22CCAFBC004CBCBF /* Tips-Mart */,
			);
		};
/* End PBXProject section */

/* Begin PBXResourcesBuildPhase section */
		C2C583AC22CCAFBC004CBCBF /* Resources */ = {
			isa = PBXResourcesBuildPhase;
			buildActionMask = 2147483647;
			files = (
				C220EAE322CF9F47002C6B90 /* RegXib.xib in Resources */,
				C2C583FE22CCFCA2004CBCBF /* ContinueRegistration.storyboard in Resources */,
				C220EADA22CF9DC9002C6B90 /* LogXib.xib in Resources */,
				C2C583F322CCE712004CBCBF /* PreLoginScrene.storyboard in Resources */,
				C2C583BC22CCAFBD004CBCBF /* LaunchScreen.storyboard in Resources */,
				C220EAF422CFA708002C6B90 /* Localizable.strings in Resources */,
				C2C583B922CCAFBD004CBCBF /* Assets.xcassets in Resources */,
				C2C583B722CCAFBC004CBCBF /* Login.storyboard in Resources */,
			);
			runOnlyForDeploymentPostprocessing = 0;
		};
/* End PBXResourcesBuildPhase section */

/* Begin PBXShellScriptBuildPhase section */
		3442B4954F27E02681E6E66B /* [CP] Embed Pods Frameworks */ = {
			isa = PBXShellScriptBuildPhase;
			buildActionMask = 2147483647;
			files = (
			);
			inputFileListPaths = (
			);
			inputPaths = (
				"${SRCROOT}/Pods/Target Support Files/Pods-Tips-Mart/Pods-Tips-Mart-frameworks.sh",
				"${BUILT_PRODUCTS_DIR}/Alamofire/Alamofire.framework",
				"${BUILT_PRODUCTS_DIR}/AlamofireImage/AlamofireImage.framework",
				"${BUILT_PRODUCTS_DIR}/NVActivityIndicatorView/NVActivityIndicatorView.framework",
				"${BUILT_PRODUCTS_DIR}/ReachabilitySwift/Reachability.framework",
				"${BUILT_PRODUCTS_DIR}/Realm/Realm.framework",
				"${BUILT_PRODUCTS_DIR}/RealmSwift/RealmSwift.framework",
				"${BUILT_PRODUCTS_DIR}/SwiftPhoneNumberFormatter/SwiftPhoneNumberFormatter.framework",
				"${BUILT_PRODUCTS_DIR}/SwiftSoup/SwiftSoup.framework",
			);
			name = "[CP] Embed Pods Frameworks";
			outputFileListPaths = (
			);
			outputPaths = (
				"${TARGET_BUILD_DIR}/${FRAMEWORKS_FOLDER_PATH}/Alamofire.framework",
				"${TARGET_BUILD_DIR}/${FRAMEWORKS_FOLDER_PATH}/AlamofireImage.framework",
				"${TARGET_BUILD_DIR}/${FRAMEWORKS_FOLDER_PATH}/NVActivityIndicatorView.framework",
				"${TARGET_BUILD_DIR}/${FRAMEWORKS_FOLDER_PATH}/Reachability.framework",
				"${TARGET_BUILD_DIR}/${FRAMEWORKS_FOLDER_PATH}/Realm.framework",
				"${TARGET_BUILD_DIR}/${FRAMEWORKS_FOLDER_PATH}/RealmSwift.framework",
				"${TARGET_BUILD_DIR}/${FRAMEWORKS_FOLDER_PATH}/SwiftPhoneNumberFormatter.framework",
				"${TARGET_BUILD_DIR}/${FRAMEWORKS_FOLDER_PATH}/SwiftSoup.framework",
			);
			runOnlyForDeploymentPostprocessing = 0;
			shellPath = /bin/sh;
			shellScript = "\"${SRCROOT}/Pods/Target Support Files/Pods-Tips-Mart/Pods-Tips-Mart-frameworks.sh\"\n";
			showEnvVarsInLog = 0;
		};
		C8281AA0BDFF4925CC00F5CA /* [CP] Check Pods Manifest.lock */ = {
			isa = PBXShellScriptBuildPhase;
			buildActionMask = 2147483647;
			files = (
			);
			inputFileListPaths = (
			);
			inputPaths = (
				"${PODS_PODFILE_DIR_PATH}/Podfile.lock",
				"${PODS_ROOT}/Manifest.lock",
			);
			name = "[CP] Check Pods Manifest.lock";
			outputFileListPaths = (
			);
			outputPaths = (
				"$(DERIVED_FILE_DIR)/Pods-Tips-Mart-checkManifestLockResult.txt",
			);
			runOnlyForDeploymentPostprocessing = 0;
			shellPath = /bin/sh;
			shellScript = "diff \"${PODS_PODFILE_DIR_PATH}/Podfile.lock\" \"${PODS_ROOT}/Manifest.lock\" > /dev/null\nif [ $? != 0 ] ; then\n    # print error to STDERR\n    echo \"error: The sandbox is not in sync with the Podfile.lock. Run 'pod install' or update your CocoaPods installation.\" >&2\n    exit 1\nfi\n# This output is used by Xcode 'outputs' to avoid re-running this script phase.\necho \"SUCCESS\" > \"${SCRIPT_OUTPUT_FILE_0}\"\n";
			showEnvVarsInLog = 0;
		};
/* End PBXShellScriptBuildPhase section */

/* Begin PBXSourcesBuildPhase section */
		C2C583AA22CCAFBC004CBCBF /* Sources */ = {
			isa = PBXSourcesBuildPhase;
			buildActionMask = 2147483647;
			files = (
				C2C5840A22CE01E4004CBCBF /* AuthView.swift in Sources */,
				C2C583E322CCCB51004CBCBF /* RegXib.swift in Sources */,
				C2C583B422CCAFBC004CBCBF /* LoginContoller.swift in Sources */,
				C2B4B7FE22CF4E470096CDC0 /* UserData.swift in Sources */,
				C2C583EC22CCD5A7004CBCBF /* UIColor +Color.swift in Sources */,
				C2C5840422CDF987004CBCBF /* NavigationItem + Item.swift in Sources */,
				C2B4B80622CF75D60096CDC0 /* RegistrationNetworkSerwice.swift in Sources */,
				C2B4B80922CF760B0096CDC0 /* NetworkProtocol.swift in Sources */,
				C20B327422CE715500533F75 /* LoginModel.swift in Sources */,
				C2C5840222CD0474004CBCBF /* AgreementViewController.swift in Sources */,
				C2C583CD22CCB8AD004CBCBF /* RealmRegRealm.swift in Sources */,
				C2B4B80422CF5D990096CDC0 /* RealmService.swift in Sources */,
				C2C583B222CCAFBC004CBCBF /* AppDelegate.swift in Sources */,
				C2C5840022CD0068004CBCBF /* ContinueRegistrationController.swift in Sources */,
				C2B4B7FA22CF49F70096CDC0 /* LoginViewModel.swift in Sources */,
				C2C5840622CDFE6D004CBCBF /* FinisRegistrationController.swift in Sources */,
				C2C5840C22CE259F004CBCBF /* FinishRegView.swift in Sources */,
				C2C583E922CCD34C004CBCBF /* LogXib.swift in Sources */,
				C2B4B80C22CF76E20096CDC0 /* RegistrationModels.swift in Sources */,
				C2B4B80122CF4F570096CDC0 /* URLS.swift in Sources */,
				C2B4B82B22CF93180096CDC0 /* RegistrationViewModel.swift in Sources */,
				C2B4B7FC22CF4B8A0096CDC0 /* LoginNetworkService.swift in Sources */,
				C2C583F722CCFA5B004CBCBF /* Notification + Name.swift in Sources */,
				C2C583F222CCE673004CBCBF /* PreLoginController.swift in Sources */,
				C20B327222CE464600533F75 /* PasswordBtn.swift in Sources */,
			);
			runOnlyForDeploymentPostprocessing = 0;
		};
/* End PBXSourcesBuildPhase section */

/* Begin PBXVariantGroup section */
		C220EADC22CF9DC9002C6B90 /* LogXib.xib */ = {
			isa = PBXVariantGroup;
			children = (
				C220EADB22CF9DC9002C6B90 /* Base */,
				C220EAEF22CFA166002C6B90 /* en */,
				C220EAF022CFA16C002C6B90 /* ru */,
				C220EAF122CFA170002C6B90 /* uk */,
			);
			name = LogXib.xib;
			sourceTree = "<group>";
		};
		C220EAE522CF9F47002C6B90 /* RegXib.xib */ = {
			isa = PBXVariantGroup;
			children = (
				C220EAE422CF9F47002C6B90 /* Base */,
				C220EAEC22CFA094002C6B90 /* en */,
				C220EAED22CFA0A4002C6B90 /* ru */,
				C220EAEE22CFA0B2002C6B90 /* uk */,
			);
			name = RegXib.xib;
			sourceTree = "<group>";
		};
		C220EAF622CFA708002C6B90 /* Localizable.strings */ = {
			isa = PBXVariantGroup;
			children = (
				C220EAF522CFA708002C6B90 /* en */,
				C220EAF722CFA70C002C6B90 /* ru */,
				C220EAF822CFA70E002C6B90 /* uk */,
			);
			name = Localizable.strings;
			sourceTree = "<group>";
		};
		C2C583B522CCAFBC004CBCBF /* Login.storyboard */ = {
			isa = PBXVariantGroup;
			children = (
				C256AB1C22CFFC5700970D7E /* en */,
				C256AB2122CFFC6E00970D7E /* uk */,
				C256AB2222CFFC7200970D7E /* ru */,
			);
			name = Login.storyboard;
			sourceTree = "<group>";
		};
		C2C583BA22CCAFBD004CBCBF /* LaunchScreen.storyboard */ = {
			isa = PBXVariantGroup;
			children = (
				C2C583BB22CCAFBD004CBCBF /* Base */,
				C220EAD322CF9B3B002C6B90 /* ru */,
				C220EAD622CF9B4B002C6B90 /* uk */,
			);
			name = LaunchScreen.storyboard;
			sourceTree = "<group>";
		};
		C2C583F522CCE712004CBCBF /* PreLoginScrene.storyboard */ = {
			isa = PBXVariantGroup;
			children = (
				C2C583F422CCE712004CBCBF /* en */,
				C220EAD522CF9B3D002C6B90 /* ru */,
			);
			name = PreLoginScrene.storyboard;
			sourceTree = "<group>";
		};
/* End PBXVariantGroup section */

/* Begin XCBuildConfiguration section */
		C2C583BE22CCAFBD004CBCBF /* Debug */ = {
			isa = XCBuildConfiguration;
			buildSettings = {
				ALWAYS_SEARCH_USER_PATHS = NO;
				CLANG_ANALYZER_NONNULL = YES;
				CLANG_ANALYZER_NUMBER_OBJECT_CONVERSION = YES_AGGRESSIVE;
				CLANG_CXX_LANGUAGE_STANDARD = "gnu++14";
				CLANG_CXX_LIBRARY = "libc++";
				CLANG_ENABLE_MODULES = YES;
				CLANG_ENABLE_OBJC_ARC = YES;
				CLANG_ENABLE_OBJC_WEAK = YES;
				CLANG_WARN_BLOCK_CAPTURE_AUTORELEASING = YES;
				CLANG_WARN_BOOL_CONVERSION = YES;
				CLANG_WARN_COMMA = YES;
				CLANG_WARN_CONSTANT_CONVERSION = YES;
				CLANG_WARN_DEPRECATED_OBJC_IMPLEMENTATIONS = YES;
				CLANG_WARN_DIRECT_OBJC_ISA_USAGE = YES_ERROR;
				CLANG_WARN_DOCUMENTATION_COMMENTS = YES;
				CLANG_WARN_EMPTY_BODY = YES;
				CLANG_WARN_ENUM_CONVERSION = YES;
				CLANG_WARN_INFINITE_RECURSION = YES;
				CLANG_WARN_INT_CONVERSION = YES;
				CLANG_WARN_NON_LITERAL_NULL_CONVERSION = YES;
				CLANG_WARN_OBJC_IMPLICIT_RETAIN_SELF = YES;
				CLANG_WARN_OBJC_LITERAL_CONVERSION = YES;
				CLANG_WARN_OBJC_ROOT_CLASS = YES_ERROR;
				CLANG_WARN_RANGE_LOOP_ANALYSIS = YES;
				CLANG_WARN_STRICT_PROTOTYPES = YES;
				CLANG_WARN_SUSPICIOUS_MOVE = YES;
				CLANG_WARN_UNGUARDED_AVAILABILITY = YES_AGGRESSIVE;
				CLANG_WARN_UNREACHABLE_CODE = YES;
				CLANG_WARN__DUPLICATE_METHOD_MATCH = YES;
				CODE_SIGN_IDENTITY = "iPhone Developer";
				COPY_PHASE_STRIP = NO;
				DEBUG_INFORMATION_FORMAT = dwarf;
				ENABLE_STRICT_OBJC_MSGSEND = YES;
				ENABLE_TESTABILITY = YES;
				GCC_C_LANGUAGE_STANDARD = gnu11;
				GCC_DYNAMIC_NO_PIC = NO;
				GCC_NO_COMMON_BLOCKS = YES;
				GCC_OPTIMIZATION_LEVEL = 0;
				GCC_PREPROCESSOR_DEFINITIONS = (
					"DEBUG=1",
					"$(inherited)",
				);
				GCC_WARN_64_TO_32_BIT_CONVERSION = YES;
				GCC_WARN_ABOUT_RETURN_TYPE = YES_ERROR;
				GCC_WARN_UNDECLARED_SELECTOR = YES;
				GCC_WARN_UNINITIALIZED_AUTOS = YES_AGGRESSIVE;
				GCC_WARN_UNUSED_FUNCTION = YES;
				GCC_WARN_UNUSED_VARIABLE = YES;
				IPHONEOS_DEPLOYMENT_TARGET = 12.2;
				MTL_ENABLE_DEBUG_INFO = INCLUDE_SOURCE;
				MTL_FAST_MATH = YES;
				ONLY_ACTIVE_ARCH = YES;
				SDKROOT = iphoneos;
				SWIFT_ACTIVE_COMPILATION_CONDITIONS = DEBUG;
				SWIFT_OPTIMIZATION_LEVEL = "-Onone";
			};
			name = Debug;
		};
		C2C583BF22CCAFBD004CBCBF /* Release */ = {
			isa = XCBuildConfiguration;
			buildSettings = {
				ALWAYS_SEARCH_USER_PATHS = NO;
				CLANG_ANALYZER_NONNULL = YES;
				CLANG_ANALYZER_NUMBER_OBJECT_CONVERSION = YES_AGGRESSIVE;
				CLANG_CXX_LANGUAGE_STANDARD = "gnu++14";
				CLANG_CXX_LIBRARY = "libc++";
				CLANG_ENABLE_MODULES = YES;
				CLANG_ENABLE_OBJC_ARC = YES;
				CLANG_ENABLE_OBJC_WEAK = YES;
				CLANG_WARN_BLOCK_CAPTURE_AUTORELEASING = YES;
				CLANG_WARN_BOOL_CONVERSION = YES;
				CLANG_WARN_COMMA = YES;
				CLANG_WARN_CONSTANT_CONVERSION = YES;
				CLANG_WARN_DEPRECATED_OBJC_IMPLEMENTATIONS = YES;
				CLANG_WARN_DIRECT_OBJC_ISA_USAGE = YES_ERROR;
				CLANG_WARN_DOCUMENTATION_COMMENTS = YES;
				CLANG_WARN_EMPTY_BODY = YES;
				CLANG_WARN_ENUM_CONVERSION = YES;
				CLANG_WARN_INFINITE_RECURSION = YES;
				CLANG_WARN_INT_CONVERSION = YES;
				CLANG_WARN_NON_LITERAL_NULL_CONVERSION = YES;
				CLANG_WARN_OBJC_IMPLICIT_RETAIN_SELF = YES;
				CLANG_WARN_OBJC_LITERAL_CONVERSION = YES;
				CLANG_WARN_OBJC_ROOT_CLASS = YES_ERROR;
				CLANG_WARN_RANGE_LOOP_ANALYSIS = YES;
				CLANG_WARN_STRICT_PROTOTYPES = YES;
				CLANG_WARN_SUSPICIOUS_MOVE = YES;
				CLANG_WARN_UNGUARDED_AVAILABILITY = YES_AGGRESSIVE;
				CLANG_WARN_UNREACHABLE_CODE = YES;
				CLANG_WARN__DUPLICATE_METHOD_MATCH = YES;
				CODE_SIGN_IDENTITY = "iPhone Developer";
				COPY_PHASE_STRIP = NO;
				DEBUG_INFORMATION_FORMAT = "dwarf-with-dsym";
				ENABLE_NS_ASSERTIONS = NO;
				ENABLE_STRICT_OBJC_MSGSEND = YES;
				GCC_C_LANGUAGE_STANDARD = gnu11;
				GCC_NO_COMMON_BLOCKS = YES;
				GCC_WARN_64_TO_32_BIT_CONVERSION = YES;
				GCC_WARN_ABOUT_RETURN_TYPE = YES_ERROR;
				GCC_WARN_UNDECLARED_SELECTOR = YES;
				GCC_WARN_UNINITIALIZED_AUTOS = YES_AGGRESSIVE;
				GCC_WARN_UNUSED_FUNCTION = YES;
				GCC_WARN_UNUSED_VARIABLE = YES;
				IPHONEOS_DEPLOYMENT_TARGET = 12.2;
				MTL_ENABLE_DEBUG_INFO = NO;
				MTL_FAST_MATH = YES;
				SDKROOT = iphoneos;
				SWIFT_COMPILATION_MODE = wholemodule;
				SWIFT_OPTIMIZATION_LEVEL = "-O";
				VALIDATE_PRODUCT = YES;
			};
			name = Release;
		};
		C2C583C122CCAFBD004CBCBF /* Debug */ = {
			isa = XCBuildConfiguration;
			baseConfigurationReference = 2F915C3B5A9219FCA6541D05 /* Pods-Tips-Mart.debug.xcconfig */;
			buildSettings = {
				ASSETCATALOG_COMPILER_APPICON_NAME = AppIcon;
				CODE_SIGN_STYLE = Automatic;
				DEVELOPMENT_TEAM = SSF7F7A55A;
				INFOPLIST_FILE = "$(SRCROOT)/Tips-Mart/App/Info.plist";
				LD_RUNPATH_SEARCH_PATHS = (
					"$(inherited)",
					"@executable_path/Frameworks",
				);
				PRODUCT_BUNDLE_IDENTIFIER = "andreyP.Tips-Mart";
				PRODUCT_NAME = "$(TARGET_NAME)";
				SWIFT_VERSION = 5.0;
				TARGETED_DEVICE_FAMILY = "1,2";
			};
			name = Debug;
		};
		C2C583C222CCAFBD004CBCBF /* Release */ = {
			isa = XCBuildConfiguration;
			baseConfigurationReference = 67AB7A58E90B811C4D679C59 /* Pods-Tips-Mart.release.xcconfig */;
			buildSettings = {
				ASSETCATALOG_COMPILER_APPICON_NAME = AppIcon;
				CODE_SIGN_STYLE = Automatic;
				DEVELOPMENT_TEAM = SSF7F7A55A;
				INFOPLIST_FILE = "$(SRCROOT)/Tips-Mart/App/Info.plist";
				LD_RUNPATH_SEARCH_PATHS = (
					"$(inherited)",
					"@executable_path/Frameworks",
				);
				PRODUCT_BUNDLE_IDENTIFIER = "andreyP.Tips-Mart";
				PRODUCT_NAME = "$(TARGET_NAME)";
				SWIFT_VERSION = 5.0;
				TARGETED_DEVICE_FAMILY = "1,2";
			};
			name = Release;
		};
/* End XCBuildConfiguration section */

/* Begin XCConfigurationList section */
		C2C583A922CCAFBC004CBCBF /* Build configuration list for PBXProject "Tips-Mart" */ = {
			isa = XCConfigurationList;
			buildConfigurations = (
				C2C583BE22CCAFBD004CBCBF /* Debug */,
				C2C583BF22CCAFBD004CBCBF /* Release */,
			);
			defaultConfigurationIsVisible = 0;
			defaultConfigurationName = Release;
		};
		C2C583C022CCAFBD004CBCBF /* Build configuration list for PBXNativeTarget "Tips-Mart" */ = {
			isa = XCConfigurationList;
			buildConfigurations = (
				C2C583C122CCAFBD004CBCBF /* Debug */,
				C2C583C222CCAFBD004CBCBF /* Release */,
			);
			defaultConfigurationIsVisible = 0;
			defaultConfigurationName = Release;
		};
/* End XCConfigurationList section */
	};
	rootObject = C2C583A622CCAFBC004CBCBF /* Project object */;
}
