// !$*UTF8*$!
{
	archiveVersion = 1;
	classes = {
	};
	objectVersion = 50;
	objects = {

/* Begin PBXBuildFile section */
		4E81E302E85B0984E52EAB9C /* Pods_Tips_Mart.framework in Frameworks */ = {isa = PBXBuildFile; fileRef = D808B406DD4D9FA9FFD62B6E /* Pods_Tips_Mart.framework */; };
		C20B327222CE464600533F75 /* PasswordBtn.swift in Sources */ = {isa = PBXBuildFile; fileRef = C20B327122CE464600533F75 /* PasswordBtn.swift */; };
		C20B327422CE715500533F75 /* LoginModel.swift in Sources */ = {isa = PBXBuildFile; fileRef = C20B327322CE715500533F75 /* LoginModel.swift */; };
		C2175B4422D4913E0011839E /* Profile.storyboard in Resources */ = {isa = PBXBuildFile; fileRef = C2175B4622D4913E0011839E /* Profile.storyboard */; };
		C2175B5022D4916E0011839E /* MainPage.storyboard in Resources */ = {isa = PBXBuildFile; fileRef = C2175B5222D4916E0011839E /* MainPage.storyboard */; };
		C2175B6522D4A0DE0011839E /* ProfileController.swift in Sources */ = {isa = PBXBuildFile; fileRef = C2175B6422D4A0DE0011839E /* ProfileController.swift */; };
		C2175B6A22D4ACC20011839E /* InitUserService.swift in Sources */ = {isa = PBXBuildFile; fileRef = C2175B6922D4ACC20011839E /* InitUserService.swift */; };
		C2175B6C22D4C0E40011839E /* BalaceNetworkService.swift in Sources */ = {isa = PBXBuildFile; fileRef = C2175B6B22D4C0E40011839E /* BalaceNetworkService.swift */; };
		C2175B6E22D4C3AB0011839E /* RefreshTokenService.swift in Sources */ = {isa = PBXBuildFile; fileRef = C2175B6D22D4C3AB0011839E /* RefreshTokenService.swift */; };
		C2185EA322D7672A009F3321 /* RowsCatCell.swift in Sources */ = {isa = PBXBuildFile; fileRef = C2185EA222D7672A009F3321 /* RowsCatCell.swift */; };
		C2185EA522D76757009F3321 /* RowsCatCell.xib in Resources */ = {isa = PBXBuildFile; fileRef = C2185EA422D76757009F3321 /* RowsCatCell.xib */; };
		C2185EA722D76778009F3321 /* CategoruCellModel.swift in Sources */ = {isa = PBXBuildFile; fileRef = C2185EA622D76778009F3321 /* CategoruCellModel.swift */; };
		C2185EA922D767A8009F3321 /* Array + Remove.swift in Sources */ = {isa = PBXBuildFile; fileRef = C2185EA822D767A8009F3321 /* Array + Remove.swift */; };
		C2185EAC22D767CF009F3321 /* CategoryButton.swift in Sources */ = {isa = PBXBuildFile; fileRef = C2185EAB22D767CF009F3321 /* CategoryButton.swift */; };
		C2185EAF22D7682E009F3321 /* HeaderView.swift in Sources */ = {isa = PBXBuildFile; fileRef = C2185EAE22D7682E009F3321 /* HeaderView.swift */; };
		C2185EB122D7684B009F3321 /* HeaderView.xib in Resources */ = {isa = PBXBuildFile; fileRef = C2185EB022D7684B009F3321 /* HeaderView.xib */; };
		C2185EB522D7687F009F3321 /* TableDataSourceDelegate.swift in Sources */ = {isa = PBXBuildFile; fileRef = C2185EB422D7687F009F3321 /* TableDataSourceDelegate.swift */; };
		C2185EB822D768C2009F3321 /* CategoryViewModel.swift in Sources */ = {isa = PBXBuildFile; fileRef = C2185EB722D768C2009F3321 /* CategoryViewModel.swift */; };
		C2185EBB22D768E0009F3321 /* CategoryModel.swift in Sources */ = {isa = PBXBuildFile; fileRef = C2185EBA22D768E0009F3321 /* CategoryModel.swift */; };
		C2185EBE22D76918009F3321 /* Filter.swift in Sources */ = {isa = PBXBuildFile; fileRef = C2185EBD22D76918009F3321 /* Filter.swift */; };
		C2185EC022D769BC009F3321 /* CategoryModels.swift in Sources */ = {isa = PBXBuildFile; fileRef = C2185EBF22D769BC009F3321 /* CategoryModels.swift */; };
		C2185EC322D76D3A009F3321 /* products.json in Resources */ = {isa = PBXBuildFile; fileRef = C2185EC222D76D3A009F3321 /* products.json */; };
		C2185EC722D76E44009F3321 /* services.json in Resources */ = {isa = PBXBuildFile; fileRef = C2185EC622D76E44009F3321 /* services.json */; };
		C2185ECD22D8AE69009F3321 /* OneShop.storyboard in Resources */ = {isa = PBXBuildFile; fileRef = C2185ECC22D8AE69009F3321 /* OneShop.storyboard */; };
		C21F730322D8CE37000240D6 /* ReviewCell.swift in Sources */ = {isa = PBXBuildFile; fileRef = C21F730122D8CE37000240D6 /* ReviewCell.swift */; };
		C21F730422D8CE37000240D6 /* ReviewCell.xib in Resources */ = {isa = PBXBuildFile; fileRef = C21F730222D8CE37000240D6 /* ReviewCell.xib */; };
		C220EADA22CF9DC9002C6B90 /* LogXib.xib in Resources */ = {isa = PBXBuildFile; fileRef = C220EADC22CF9DC9002C6B90 /* LogXib.xib */; };
		C220EAE322CF9F47002C6B90 /* RegXib.xib in Resources */ = {isa = PBXBuildFile; fileRef = C220EAE522CF9F47002C6B90 /* RegXib.xib */; };
		C220EAF422CFA708002C6B90 /* Localizable.strings in Resources */ = {isa = PBXBuildFile; fileRef = C220EAF622CFA708002C6B90 /* Localizable.strings */; };
		C268149322D761F600B6B6F5 /* CategoriesFor.swift in Sources */ = {isa = PBXBuildFile; fileRef = C268149222D761F600B6B6F5 /* CategoriesFor.swift */; };
		C268149622D7624400B6B6F5 /* MainCategoriesController.swift in Sources */ = {isa = PBXBuildFile; fileRef = C268149522D7624400B6B6F5 /* MainCategoriesController.swift */; };
		C268149922D7626100B6B6F5 /* CategoriesMain.storyboard in Resources */ = {isa = PBXBuildFile; fileRef = C268149822D7626100B6B6F5 /* CategoriesMain.storyboard */; };
		C289187422D5EBE800A4DFB9 /* ShopsDataRealm.swift in Sources */ = {isa = PBXBuildFile; fileRef = C289187322D5EBE800A4DFB9 /* ShopsDataRealm.swift */; };
		C289187622D5EF8A00A4DFB9 /* Constants.swift in Sources */ = {isa = PBXBuildFile; fileRef = C289187522D5EF8A00A4DFB9 /* Constants.swift */; };
		C289187822D5F14000A4DFB9 /* ShopsDataBaseService.swift in Sources */ = {isa = PBXBuildFile; fileRef = C289187722D5F14000A4DFB9 /* ShopsDataBaseService.swift */; };
		C28CBEA722D340E700F53838 /* UITextField + RightPasswordView.swift in Sources */ = {isa = PBXBuildFile; fileRef = C28CBEA622D340E700F53838 /* UITextField + RightPasswordView.swift */; };
		C28D33D522D37F780072A95C /* MainPageController.swift in Sources */ = {isa = PBXBuildFile; fileRef = C28D33D422D37F780072A95C /* MainPageController.swift */; };
		C28D33D722D387820072A95C /* MainPageView.swift in Sources */ = {isa = PBXBuildFile; fileRef = C28D33D622D387820072A95C /* MainPageView.swift */; };
		C28D33DE22D398F50072A95C /* MainTabBar.storyboard in Resources */ = {isa = PBXBuildFile; fileRef = C28D33DD22D398F40072A95C /* MainTabBar.storyboard */; };
		C28D33E022D399770072A95C /* MainTabBarController.swift in Sources */ = {isa = PBXBuildFile; fileRef = C28D33DF22D399770072A95C /* MainTabBarController.swift */; };
		C2929B9222D4DF240056E043 /* RefreshProtocol.swift in Sources */ = {isa = PBXBuildFile; fileRef = C2929B9122D4DF240056E043 /* RefreshProtocol.swift */; };
		C2929B9522D4E0EF0056E043 /* ShopsScene.storyboard in Resources */ = {isa = PBXBuildFile; fileRef = C2929B9422D4E0EF0056E043 /* ShopsScene.storyboard */; };
		C2929B9722D4E45F0056E043 /* ShopsController.swift in Sources */ = {isa = PBXBuildFile; fileRef = C2929B9622D4E45F0056E043 /* ShopsController.swift */; };
		C2929B9C22D4E85B0056E043 /* TableShopCell.swift in Sources */ = {isa = PBXBuildFile; fileRef = C2929B9A22D4E85B0056E043 /* TableShopCell.swift */; };
		C2929B9D22D4E85B0056E043 /* TableShopCell.xib in Resources */ = {isa = PBXBuildFile; fileRef = C2929B9B22D4E85B0056E043 /* TableShopCell.xib */; };
		C2929BA022D4E86F0056E043 /* ShopCollectionCell.swift in Sources */ = {isa = PBXBuildFile; fileRef = C2929B9E22D4E86F0056E043 /* ShopCollectionCell.swift */; };
		C2929BA122D4E86F0056E043 /* ShopCollectionCell.xib in Resources */ = {isa = PBXBuildFile; fileRef = C2929B9F22D4E86F0056E043 /* ShopCollectionCell.xib */; };
		C2929BA322D4EF9C0056E043 /* ShopsDSD.swift in Sources */ = {isa = PBXBuildFile; fileRef = C2929BA222D4EF9C0056E043 /* ShopsDSD.swift */; };
		C2929BA522D4EFAD0056E043 /* ShopsViewModel.swift in Sources */ = {isa = PBXBuildFile; fileRef = C2929BA422D4EFAD0056E043 /* ShopsViewModel.swift */; };
		C2929BA722D4EFB80056E043 /* ShopsModel.swift in Sources */ = {isa = PBXBuildFile; fileRef = C2929BA622D4EFB80056E043 /* ShopsModel.swift */; };
		C2B0424522D8D2260039243A /* DetailShopController.swift in Sources */ = {isa = PBXBuildFile; fileRef = C2B0424422D8D2260039243A /* DetailShopController.swift */; };
		C2B0424822D8D4070039243A /* ReviewDSD.swift in Sources */ = {isa = PBXBuildFile; fileRef = C2B0424722D8D4070039243A /* ReviewDSD.swift */; };
		C2B4B7FA22CF49F70096CDC0 /* LoginViewModel.swift in Sources */ = {isa = PBXBuildFile; fileRef = C2B4B7F922CF49F70096CDC0 /* LoginViewModel.swift */; };
		C2B4B7FC22CF4B8A0096CDC0 /* LoginNetworkService.swift in Sources */ = {isa = PBXBuildFile; fileRef = C2B4B7FB22CF4B8A0096CDC0 /* LoginNetworkService.swift */; };
		C2B4B7FE22CF4E470096CDC0 /* UserData.swift in Sources */ = {isa = PBXBuildFile; fileRef = C2B4B7FD22CF4E470096CDC0 /* UserData.swift */; };
		C2B4B80122CF4F570096CDC0 /* URLS.swift in Sources */ = {isa = PBXBuildFile; fileRef = C2B4B80022CF4F570096CDC0 /* URLS.swift */; };
		C2B4B80422CF5D990096CDC0 /* RealmService.swift in Sources */ = {isa = PBXBuildFile; fileRef = C2B4B80322CF5D990096CDC0 /* RealmService.swift */; };
		C2B4B80622CF75D60096CDC0 /* RegistrationNetworkSerwice.swift in Sources */ = {isa = PBXBuildFile; fileRef = C2B4B80522CF75D60096CDC0 /* RegistrationNetworkSerwice.swift */; };
		C2B4B80922CF760B0096CDC0 /* NetworkProtocol.swift in Sources */ = {isa = PBXBuildFile; fileRef = C2B4B80822CF760B0096CDC0 /* NetworkProtocol.swift */; };
		C2B4B80C22CF76E20096CDC0 /* RegistrationModels.swift in Sources */ = {isa = PBXBuildFile; fileRef = C2B4B80B22CF76E20096CDC0 /* RegistrationModels.swift */; };
		C2B4B82B22CF93180096CDC0 /* RegistrationViewModel.swift in Sources */ = {isa = PBXBuildFile; fileRef = C2B4B82A22CF93180096CDC0 /* RegistrationViewModel.swift */; };
		C2C583B222CCAFBC004CBCBF /* AppDelegate.swift in Sources */ = {isa = PBXBuildFile; fileRef = C2C583B122CCAFBC004CBCBF /* AppDelegate.swift */; };
		C2C583B422CCAFBC004CBCBF /* LoginContoller.swift in Sources */ = {isa = PBXBuildFile; fileRef = C2C583B322CCAFBC004CBCBF /* LoginContoller.swift */; };
		C2C583B722CCAFBC004CBCBF /* Login.storyboard in Resources */ = {isa = PBXBuildFile; fileRef = C2C583B522CCAFBC004CBCBF /* Login.storyboard */; };
		C2C583B922CCAFBD004CBCBF /* Assets.xcassets in Resources */ = {isa = PBXBuildFile; fileRef = C2C583B822CCAFBD004CBCBF /* Assets.xcassets */; };
		C2C583BC22CCAFBD004CBCBF /* LaunchScreen.storyboard in Resources */ = {isa = PBXBuildFile; fileRef = C2C583BA22CCAFBD004CBCBF /* LaunchScreen.storyboard */; };
		C2C583CD22CCB8AD004CBCBF /* RealmRegRealm.swift in Sources */ = {isa = PBXBuildFile; fileRef = C2C583CC22CCB8AD004CBCBF /* RealmRegRealm.swift */; };
		C2C583E322CCCB51004CBCBF /* RegXib.swift in Sources */ = {isa = PBXBuildFile; fileRef = C2C583E222CCCB51004CBCBF /* RegXib.swift */; };
		C2C583E922CCD34C004CBCBF /* LogXib.swift in Sources */ = {isa = PBXBuildFile; fileRef = C2C583E822CCD34C004CBCBF /* LogXib.swift */; };
		C2C583EC22CCD5A7004CBCBF /* UIColor +Color.swift in Sources */ = {isa = PBXBuildFile; fileRef = C2C583EB22CCD5A7004CBCBF /* UIColor +Color.swift */; };
		C2C583F222CCE673004CBCBF /* PreLoginController.swift in Sources */ = {isa = PBXBuildFile; fileRef = C2C583F122CCE673004CBCBF /* PreLoginController.swift */; };
		C2C583F322CCE712004CBCBF /* PreLoginScrene.storyboard in Resources */ = {isa = PBXBuildFile; fileRef = C2C583F522CCE712004CBCBF /* PreLoginScrene.storyboard */; };
		C2C583F722CCFA5B004CBCBF /* Notification + Name.swift in Sources */ = {isa = PBXBuildFile; fileRef = C2C583F622CCFA5B004CBCBF /* Notification + Name.swift */; };
		C2C583FE22CCFCA2004CBCBF /* ContinueRegistration.storyboard in Resources */ = {isa = PBXBuildFile; fileRef = C2C583FD22CCFCA2004CBCBF /* ContinueRegistration.storyboard */; };
		C2C5840022CD0068004CBCBF /* ContinueRegistrationController.swift in Sources */ = {isa = PBXBuildFile; fileRef = C2C583FF22CD0068004CBCBF /* ContinueRegistrationController.swift */; };
		C2C5840222CD0474004CBCBF /* AgreementViewController.swift in Sources */ = {isa = PBXBuildFile; fileRef = C2C5840122CD0474004CBCBF /* AgreementViewController.swift */; };
		C2C5840422CDF987004CBCBF /* NavigationItem + Item.swift in Sources */ = {isa = PBXBuildFile; fileRef = C2C5840322CDF987004CBCBF /* NavigationItem + Item.swift */; };
		C2C5840622CDFE6D004CBCBF /* FinisRegistrationController.swift in Sources */ = {isa = PBXBuildFile; fileRef = C2C5840522CDFE6D004CBCBF /* FinisRegistrationController.swift */; };
		C2C5840A22CE01E4004CBCBF /* AuthView.swift in Sources */ = {isa = PBXBuildFile; fileRef = C2C5840922CE01E4004CBCBF /* AuthView.swift */; };
		C2C5840C22CE259F004CBCBF /* FinishRegView.swift in Sources */ = {isa = PBXBuildFile; fileRef = C2C5840B22CE259F004CBCBF /* FinishRegView.swift */; };
/* End PBXBuildFile section */

/* Begin PBXFileReference section */
		0699CE87327A0C8BDBBB4899 /* Pods-Tips-Mart-Tips-MartTests.release.xcconfig */ = {isa = PBXFileReference; includeInIndex = 1; lastKnownFileType = text.xcconfig; name = "Pods-Tips-Mart-Tips-MartTests.release.xcconfig"; path = "Pods/Target Support Files/Pods-Tips-Mart-Tips-MartTests/Pods-Tips-Mart-Tips-MartTests.release.xcconfig"; sourceTree = "<group>"; };
		2F915C3B5A9219FCA6541D05 /* Pods-Tips-Mart.debug.xcconfig */ = {isa = PBXFileReference; includeInIndex = 1; lastKnownFileType = text.xcconfig; name = "Pods-Tips-Mart.debug.xcconfig"; path = "Pods/Target Support Files/Pods-Tips-Mart/Pods-Tips-Mart.debug.xcconfig"; sourceTree = "<group>"; };
		67AB7A58E90B811C4D679C59 /* Pods-Tips-Mart.release.xcconfig */ = {isa = PBXFileReference; includeInIndex = 1; lastKnownFileType = text.xcconfig; name = "Pods-Tips-Mart.release.xcconfig"; path = "Pods/Target Support Files/Pods-Tips-Mart/Pods-Tips-Mart.release.xcconfig"; sourceTree = "<group>"; };
		7D663EEFADAD98675A0E6B60 /* Pods-Tips-Mart-Tips-MartTests.debug.xcconfig */ = {isa = PBXFileReference; includeInIndex = 1; lastKnownFileType = text.xcconfig; name = "Pods-Tips-Mart-Tips-MartTests.debug.xcconfig"; path = "Pods/Target Support Files/Pods-Tips-Mart-Tips-MartTests/Pods-Tips-Mart-Tips-MartTests.debug.xcconfig"; sourceTree = "<group>"; };
		87FE2A4375636C5D15B4E063 /* Pods_Tips_Mart_Tips_MartTests.framework */ = {isa = PBXFileReference; explicitFileType = wrapper.framework; includeInIndex = 0; path = Pods_Tips_Mart_Tips_MartTests.framework; sourceTree = BUILT_PRODUCTS_DIR; };
		C20B327122CE464600533F75 /* PasswordBtn.swift */ = {isa = PBXFileReference; lastKnownFileType = sourcecode.swift; path = PasswordBtn.swift; sourceTree = "<group>"; };
		C20B327322CE715500533F75 /* LoginModel.swift */ = {isa = PBXFileReference; lastKnownFileType = sourcecode.swift; path = LoginModel.swift; sourceTree = "<group>"; };
		C2175B4522D4913E0011839E /* Base */ = {isa = PBXFileReference; lastKnownFileType = file.storyboard; name = Base; path = Base.lproj/Profile.storyboard; sourceTree = "<group>"; };
		C2175B5122D4916E0011839E /* Base */ = {isa = PBXFileReference; lastKnownFileType = file.storyboard; name = Base; path = Base.lproj/MainPage.storyboard; sourceTree = "<group>"; };
		C2175B6022D4A0150011839E /* ru */ = {isa = PBXFileReference; lastKnownFileType = text.plist.strings; name = ru; path = ru.lproj/MainPage.strings; sourceTree = "<group>"; };
		C2175B6122D4A0190011839E /* uk */ = {isa = PBXFileReference; lastKnownFileType = text.plist.strings; name = uk; path = uk.lproj/MainPage.strings; sourceTree = "<group>"; };
		C2175B6322D4A0360011839E /* en */ = {isa = PBXFileReference; lastKnownFileType = text.plist.strings; name = en; path = en.lproj/MainPage.strings; sourceTree = "<group>"; };
		C2175B6422D4A0DE0011839E /* ProfileController.swift */ = {isa = PBXFileReference; lastKnownFileType = sourcecode.swift; path = ProfileController.swift; sourceTree = "<group>"; };
		C2175B6622D4A4950011839E /* en */ = {isa = PBXFileReference; lastKnownFileType = text.plist.strings; name = en; path = en.lproj/Profile.strings; sourceTree = "<group>"; };
		C2175B6722D4A4990011839E /* ru */ = {isa = PBXFileReference; lastKnownFileType = text.plist.strings; name = ru; path = ru.lproj/Profile.strings; sourceTree = "<group>"; };
		C2175B6822D4A49D0011839E /* uk */ = {isa = PBXFileReference; lastKnownFileType = text.plist.strings; name = uk; path = uk.lproj/Profile.strings; sourceTree = "<group>"; };
		C2175B6922D4ACC20011839E /* InitUserService.swift */ = {isa = PBXFileReference; lastKnownFileType = sourcecode.swift; path = InitUserService.swift; sourceTree = "<group>"; };
		C2175B6B22D4C0E40011839E /* BalaceNetworkService.swift */ = {isa = PBXFileReference; lastKnownFileType = sourcecode.swift; path = BalaceNetworkService.swift; sourceTree = "<group>"; };
		C2175B6D22D4C3AB0011839E /* RefreshTokenService.swift */ = {isa = PBXFileReference; lastKnownFileType = sourcecode.swift; path = RefreshTokenService.swift; sourceTree = "<group>"; };
		C2185EA222D7672A009F3321 /* RowsCatCell.swift */ = {isa = PBXFileReference; lastKnownFileType = sourcecode.swift; path = RowsCatCell.swift; sourceTree = "<group>"; };
		C2185EA422D76757009F3321 /* RowsCatCell.xib */ = {isa = PBXFileReference; lastKnownFileType = file.xib; path = RowsCatCell.xib; sourceTree = "<group>"; };
		C2185EA622D76778009F3321 /* CategoruCellModel.swift */ = {isa = PBXFileReference; lastKnownFileType = sourcecode.swift; path = CategoruCellModel.swift; sourceTree = "<group>"; };
		C2185EA822D767A8009F3321 /* Array + Remove.swift */ = {isa = PBXFileReference; lastKnownFileType = sourcecode.swift; path = "Array + Remove.swift"; sourceTree = "<group>"; };
		C2185EAB22D767CF009F3321 /* CategoryButton.swift */ = {isa = PBXFileReference; lastKnownFileType = sourcecode.swift; path = CategoryButton.swift; sourceTree = "<group>"; };
		C2185EAE22D7682E009F3321 /* HeaderView.swift */ = {isa = PBXFileReference; lastKnownFileType = sourcecode.swift; path = HeaderView.swift; sourceTree = "<group>"; };
		C2185EB022D7684B009F3321 /* HeaderView.xib */ = {isa = PBXFileReference; lastKnownFileType = file.xib; path = HeaderView.xib; sourceTree = "<group>"; };
		C2185EB422D7687F009F3321 /* TableDataSourceDelegate.swift */ = {isa = PBXFileReference; lastKnownFileType = sourcecode.swift; path = TableDataSourceDelegate.swift; sourceTree = "<group>"; };
		C2185EB722D768C2009F3321 /* CategoryViewModel.swift */ = {isa = PBXFileReference; lastKnownFileType = sourcecode.swift; path = CategoryViewModel.swift; sourceTree = "<group>"; };
		C2185EBA22D768E0009F3321 /* CategoryModel.swift */ = {isa = PBXFileReference; lastKnownFileType = sourcecode.swift; path = CategoryModel.swift; sourceTree = "<group>"; };
		C2185EBD22D76918009F3321 /* Filter.swift */ = {isa = PBXFileReference; lastKnownFileType = sourcecode.swift; path = Filter.swift; sourceTree = "<group>"; };
		C2185EBF22D769BC009F3321 /* CategoryModels.swift */ = {isa = PBXFileReference; lastKnownFileType = sourcecode.swift; path = CategoryModels.swift; sourceTree = "<group>"; };
		C2185EC222D76D3A009F3321 /* products.json */ = {isa = PBXFileReference; lastKnownFileType = text.json; path = products.json; sourceTree = "<group>"; xcLanguageSpecificationIdentifier = xcode.lang.json; };
		C2185EC622D76E44009F3321 /* services.json */ = {isa = PBXFileReference; lastKnownFileType = text.json; path = services.json; sourceTree = "<group>"; };
		C2185ECC22D8AE69009F3321 /* OneShop.storyboard */ = {isa = PBXFileReference; lastKnownFileType = file.storyboard; path = OneShop.storyboard; sourceTree = "<group>"; };
		C21F730122D8CE37000240D6 /* ReviewCell.swift */ = {isa = PBXFileReference; lastKnownFileType = sourcecode.swift; path = ReviewCell.swift; sourceTree = "<group>"; };
		C21F730222D8CE37000240D6 /* ReviewCell.xib */ = {isa = PBXFileReference; lastKnownFileType = file.xib; path = ReviewCell.xib; sourceTree = "<group>"; };
		C220EAD322CF9B3B002C6B90 /* ru */ = {isa = PBXFileReference; lastKnownFileType = text.plist.strings; name = ru; path = ru.lproj/LaunchScreen.strings; sourceTree = "<group>"; };
		C220EAD522CF9B3D002C6B90 /* ru */ = {isa = PBXFileReference; lastKnownFileType = file.storyboard; name = ru; path = ru.lproj/PreLoginScrene.storyboard; sourceTree = "<group>"; };
		C220EAD622CF9B4B002C6B90 /* uk */ = {isa = PBXFileReference; lastKnownFileType = text.plist.strings; name = uk; path = uk.lproj/LaunchScreen.strings; sourceTree = "<group>"; };
		C220EADB22CF9DC9002C6B90 /* Base */ = {isa = PBXFileReference; lastKnownFileType = file.xib; name = Base; path = Base.lproj/LogXib.xib; sourceTree = "<group>"; };
		C220EAE422CF9F47002C6B90 /* Base */ = {isa = PBXFileReference; lastKnownFileType = file.xib; name = Base; path = Base.lproj/RegXib.xib; sourceTree = "<group>"; };
		C220EAEC22CFA094002C6B90 /* en */ = {isa = PBXFileReference; lastKnownFileType = file.xib; name = en; path = en.lproj/RegXib.xib; sourceTree = "<group>"; };
		C220EAED22CFA0A4002C6B90 /* ru */ = {isa = PBXFileReference; lastKnownFileType = file.xib; name = ru; path = ru.lproj/RegXib.xib; sourceTree = "<group>"; };
		C220EAEE22CFA0B2002C6B90 /* uk */ = {isa = PBXFileReference; lastKnownFileType = file.xib; name = uk; path = uk.lproj/RegXib.xib; sourceTree = "<group>"; };
		C220EAEF22CFA166002C6B90 /* en */ = {isa = PBXFileReference; lastKnownFileType = file.xib; name = en; path = en.lproj/LogXib.xib; sourceTree = "<group>"; };
		C220EAF022CFA16C002C6B90 /* ru */ = {isa = PBXFileReference; lastKnownFileType = file.xib; name = ru; path = ru.lproj/LogXib.xib; sourceTree = "<group>"; };
		C220EAF122CFA170002C6B90 /* uk */ = {isa = PBXFileReference; lastKnownFileType = file.xib; name = uk; path = uk.lproj/LogXib.xib; sourceTree = "<group>"; };
		C220EAF522CFA708002C6B90 /* en */ = {isa = PBXFileReference; lastKnownFileType = text.plist.strings; name = en; path = en.lproj/Localizable.strings; sourceTree = "<group>"; };
		C220EAF722CFA70C002C6B90 /* ru */ = {isa = PBXFileReference; lastKnownFileType = text.plist.strings; name = ru; path = ru.lproj/Localizable.strings; sourceTree = "<group>"; };
		C220EAF822CFA70E002C6B90 /* uk */ = {isa = PBXFileReference; lastKnownFileType = text.plist.strings; name = uk; path = uk.lproj/Localizable.strings; sourceTree = "<group>"; };
		C256AB1C22CFFC5700970D7E /* en */ = {isa = PBXFileReference; lastKnownFileType = file.storyboard; name = en; path = en.lproj/Login.storyboard; sourceTree = "<group>"; };
		C256AB2122CFFC6E00970D7E /* uk */ = {isa = PBXFileReference; lastKnownFileType = file.storyboard; name = uk; path = uk.lproj/Login.storyboard; sourceTree = "<group>"; };
		C256AB2222CFFC7200970D7E /* ru */ = {isa = PBXFileReference; lastKnownFileType = file.storyboard; name = ru; path = ru.lproj/Login.storyboard; sourceTree = "<group>"; };
		C268149222D761F600B6B6F5 /* CategoriesFor.swift */ = {isa = PBXFileReference; lastKnownFileType = sourcecode.swift; path = CategoriesFor.swift; sourceTree = "<group>"; };
		C268149522D7624400B6B6F5 /* MainCategoriesController.swift */ = {isa = PBXFileReference; lastKnownFileType = sourcecode.swift; path = MainCategoriesController.swift; sourceTree = "<group>"; };
		C268149822D7626100B6B6F5 /* CategoriesMain.storyboard */ = {isa = PBXFileReference; lastKnownFileType = file.storyboard; path = CategoriesMain.storyboard; sourceTree = "<group>"; };
		C289187322D5EBE800A4DFB9 /* ShopsDataRealm.swift */ = {isa = PBXFileReference; lastKnownFileType = sourcecode.swift; path = ShopsDataRealm.swift; sourceTree = "<group>"; };
		C289187522D5EF8A00A4DFB9 /* Constants.swift */ = {isa = PBXFileReference; lastKnownFileType = sourcecode.swift; path = Constants.swift; sourceTree = "<group>"; };
		C289187722D5F14000A4DFB9 /* ShopsDataBaseService.swift */ = {isa = PBXFileReference; lastKnownFileType = sourcecode.swift; path = ShopsDataBaseService.swift; sourceTree = "<group>"; };
		C28CBEA622D340E700F53838 /* UITextField + RightPasswordView.swift */ = {isa = PBXFileReference; lastKnownFileType = sourcecode.swift; path = "UITextField + RightPasswordView.swift"; sourceTree = "<group>"; };
		C28D33D422D37F780072A95C /* MainPageController.swift */ = {isa = PBXFileReference; lastKnownFileType = sourcecode.swift; path = MainPageController.swift; sourceTree = "<group>"; };
		C28D33D622D387820072A95C /* MainPageView.swift */ = {isa = PBXFileReference; lastKnownFileType = sourcecode.swift; path = MainPageView.swift; sourceTree = "<group>"; };
		C28D33DD22D398F40072A95C /* MainTabBar.storyboard */ = {isa = PBXFileReference; lastKnownFileType = file.storyboard; path = MainTabBar.storyboard; sourceTree = "<group>"; };
		C28D33DF22D399770072A95C /* MainTabBarController.swift */ = {isa = PBXFileReference; lastKnownFileType = sourcecode.swift; path = MainTabBarController.swift; sourceTree = "<group>"; };
		C2929B9122D4DF240056E043 /* RefreshProtocol.swift */ = {isa = PBXFileReference; lastKnownFileType = sourcecode.swift; path = RefreshProtocol.swift; sourceTree = "<group>"; };
		C2929B9422D4E0EF0056E043 /* ShopsScene.storyboard */ = {isa = PBXFileReference; lastKnownFileType = file.storyboard; path = ShopsScene.storyboard; sourceTree = "<group>"; };
		C2929B9622D4E45F0056E043 /* ShopsController.swift */ = {isa = PBXFileReference; lastKnownFileType = sourcecode.swift; path = ShopsController.swift; sourceTree = "<group>"; };
		C2929B9A22D4E85B0056E043 /* TableShopCell.swift */ = {isa = PBXFileReference; lastKnownFileType = sourcecode.swift; path = TableShopCell.swift; sourceTree = "<group>"; };
		C2929B9B22D4E85B0056E043 /* TableShopCell.xib */ = {isa = PBXFileReference; lastKnownFileType = file.xib; path = TableShopCell.xib; sourceTree = "<group>"; };
		C2929B9E22D4E86F0056E043 /* ShopCollectionCell.swift */ = {isa = PBXFileReference; lastKnownFileType = sourcecode.swift; path = ShopCollectionCell.swift; sourceTree = "<group>"; };
		C2929B9F22D4E86F0056E043 /* ShopCollectionCell.xib */ = {isa = PBXFileReference; lastKnownFileType = file.xib; path = ShopCollectionCell.xib; sourceTree = "<group>"; };
		C2929BA222D4EF9C0056E043 /* ShopsDSD.swift */ = {isa = PBXFileReference; lastKnownFileType = sourcecode.swift; path = ShopsDSD.swift; sourceTree = "<group>"; };
		C2929BA422D4EFAD0056E043 /* ShopsViewModel.swift */ = {isa = PBXFileReference; lastKnownFileType = sourcecode.swift; path = ShopsViewModel.swift; sourceTree = "<group>"; };
		C2929BA622D4EFB80056E043 /* ShopsModel.swift */ = {isa = PBXFileReference; lastKnownFileType = sourcecode.swift; path = ShopsModel.swift; sourceTree = "<group>"; };
		C2B0424422D8D2260039243A /* DetailShopController.swift */ = {isa = PBXFileReference; lastKnownFileType = sourcecode.swift; path = DetailShopController.swift; sourceTree = "<group>"; };
		C2B0424722D8D4070039243A /* ReviewDSD.swift */ = {isa = PBXFileReference; lastKnownFileType = sourcecode.swift; path = ReviewDSD.swift; sourceTree = "<group>"; };
		C2B4B7F922CF49F70096CDC0 /* LoginViewModel.swift */ = {isa = PBXFileReference; lastKnownFileType = sourcecode.swift; path = LoginViewModel.swift; sourceTree = "<group>"; };
		C2B4B7FB22CF4B8A0096CDC0 /* LoginNetworkService.swift */ = {isa = PBXFileReference; lastKnownFileType = sourcecode.swift; path = LoginNetworkService.swift; sourceTree = "<group>"; };
		C2B4B7FD22CF4E470096CDC0 /* UserData.swift */ = {isa = PBXFileReference; lastKnownFileType = sourcecode.swift; path = UserData.swift; sourceTree = "<group>"; };
		C2B4B80022CF4F570096CDC0 /* URLS.swift */ = {isa = PBXFileReference; lastKnownFileType = sourcecode.swift; path = URLS.swift; sourceTree = "<group>"; };
		C2B4B80322CF5D990096CDC0 /* RealmService.swift */ = {isa = PBXFileReference; lastKnownFileType = sourcecode.swift; path = RealmService.swift; sourceTree = "<group>"; };
		C2B4B80522CF75D60096CDC0 /* RegistrationNetworkSerwice.swift */ = {isa = PBXFileReference; lastKnownFileType = sourcecode.swift; path = RegistrationNetworkSerwice.swift; sourceTree = "<group>"; };
		C2B4B80822CF760B0096CDC0 /* NetworkProtocol.swift */ = {isa = PBXFileReference; lastKnownFileType = sourcecode.swift; path = NetworkProtocol.swift; sourceTree = "<group>"; };
		C2B4B80B22CF76E20096CDC0 /* RegistrationModels.swift */ = {isa = PBXFileReference; lastKnownFileType = sourcecode.swift; path = RegistrationModels.swift; sourceTree = "<group>"; };
		C2B4B82122CF80D60096CDC0 /* XCTest.framework */ = {isa = PBXFileReference; lastKnownFileType = wrapper.framework; name = XCTest.framework; path = Platforms/iPhoneOS.platform/Developer/Library/Frameworks/XCTest.framework; sourceTree = DEVELOPER_DIR; };
		C2B4B82A22CF93180096CDC0 /* RegistrationViewModel.swift */ = {isa = PBXFileReference; lastKnownFileType = sourcecode.swift; path = RegistrationViewModel.swift; sourceTree = "<group>"; };
		C2C583AE22CCAFBC004CBCBF /* Tips-Mart.app */ = {isa = PBXFileReference; explicitFileType = wrapper.application; includeInIndex = 0; path = "Tips-Mart.app"; sourceTree = BUILT_PRODUCTS_DIR; };
		C2C583B122CCAFBC004CBCBF /* AppDelegate.swift */ = {isa = PBXFileReference; lastKnownFileType = sourcecode.swift; path = AppDelegate.swift; sourceTree = "<group>"; };
		C2C583B322CCAFBC004CBCBF /* LoginContoller.swift */ = {isa = PBXFileReference; lastKnownFileType = sourcecode.swift; path = LoginContoller.swift; sourceTree = "<group>"; };
		C2C583B822CCAFBD004CBCBF /* Assets.xcassets */ = {isa = PBXFileReference; lastKnownFileType = folder.assetcatalog; path = Assets.xcassets; sourceTree = "<group>"; };
		C2C583BB22CCAFBD004CBCBF /* Base */ = {isa = PBXFileReference; lastKnownFileType = file.storyboard; name = Base; path = Base.lproj/LaunchScreen.storyboard; sourceTree = "<group>"; };
		C2C583BD22CCAFBD004CBCBF /* Info.plist */ = {isa = PBXFileReference; lastKnownFileType = text.plist.xml; path = Info.plist; sourceTree = "<group>"; };
		C2C583CC22CCB8AD004CBCBF /* RealmRegRealm.swift */ = {isa = PBXFileReference; lastKnownFileType = sourcecode.swift; path = RealmRegRealm.swift; sourceTree = "<group>"; };
		C2C583DB22CCC182004CBCBF /* CustomFonts.swift */ = {isa = PBXFileReference; lastKnownFileType = sourcecode.swift; path = CustomFonts.swift; sourceTree = "<group>"; };
		C2C583DC22CCC182004CBCBF /* gotham_pro_medium.ttf */ = {isa = PBXFileReference; lastKnownFileType = file; path = gotham_pro_medium.ttf; sourceTree = "<group>"; };
		C2C583DD22CCC182004CBCBF /* gotham_pro_bold.ttf */ = {isa = PBXFileReference; lastKnownFileType = file; path = gotham_pro_bold.ttf; sourceTree = "<group>"; };
		C2C583DE22CCC182004CBCBF /* gotham_pro.ttf */ = {isa = PBXFileReference; lastKnownFileType = file; path = gotham_pro.ttf; sourceTree = "<group>"; };
		C2C583DF22CCC183004CBCBF /* gotham_pro_light.ttf */ = {isa = PBXFileReference; lastKnownFileType = file; path = gotham_pro_light.ttf; sourceTree = "<group>"; };
		C2C583E222CCCB51004CBCBF /* RegXib.swift */ = {isa = PBXFileReference; lastKnownFileType = sourcecode.swift; path = RegXib.swift; sourceTree = "<group>"; };
		C2C583E822CCD34C004CBCBF /* LogXib.swift */ = {isa = PBXFileReference; lastKnownFileType = sourcecode.swift; path = LogXib.swift; sourceTree = "<group>"; };
		C2C583EB22CCD5A7004CBCBF /* UIColor +Color.swift */ = {isa = PBXFileReference; lastKnownFileType = sourcecode.swift; path = "UIColor +Color.swift"; sourceTree = "<group>"; };
		C2C583F122CCE673004CBCBF /* PreLoginController.swift */ = {isa = PBXFileReference; lastKnownFileType = sourcecode.swift; path = PreLoginController.swift; sourceTree = "<group>"; };
		C2C583F422CCE712004CBCBF /* en */ = {isa = PBXFileReference; lastKnownFileType = file.storyboard; name = en; path = en.lproj/PreLoginScrene.storyboard; sourceTree = "<group>"; };
		C2C583F622CCFA5B004CBCBF /* Notification + Name.swift */ = {isa = PBXFileReference; lastKnownFileType = sourcecode.swift; path = "Notification + Name.swift"; sourceTree = "<group>"; };
		C2C583FD22CCFCA2004CBCBF /* ContinueRegistration.storyboard */ = {isa = PBXFileReference; lastKnownFileType = file.storyboard; path = ContinueRegistration.storyboard; sourceTree = "<group>"; };
		C2C583FF22CD0068004CBCBF /* ContinueRegistrationController.swift */ = {isa = PBXFileReference; lastKnownFileType = sourcecode.swift; path = ContinueRegistrationController.swift; sourceTree = "<group>"; };
		C2C5840122CD0474004CBCBF /* AgreementViewController.swift */ = {isa = PBXFileReference; lastKnownFileType = sourcecode.swift; path = AgreementViewController.swift; sourceTree = "<group>"; };
		C2C5840322CDF987004CBCBF /* NavigationItem + Item.swift */ = {isa = PBXFileReference; lastKnownFileType = sourcecode.swift; path = "NavigationItem + Item.swift"; sourceTree = "<group>"; };
		C2C5840522CDFE6D004CBCBF /* FinisRegistrationController.swift */ = {isa = PBXFileReference; lastKnownFileType = sourcecode.swift; path = FinisRegistrationController.swift; sourceTree = "<group>"; };
		C2C5840922CE01E4004CBCBF /* AuthView.swift */ = {isa = PBXFileReference; lastKnownFileType = sourcecode.swift; path = AuthView.swift; sourceTree = "<group>"; };
		C2C5840B22CE259F004CBCBF /* FinishRegView.swift */ = {isa = PBXFileReference; lastKnownFileType = sourcecode.swift; path = FinishRegView.swift; sourceTree = "<group>"; };
		D808B406DD4D9FA9FFD62B6E /* Pods_Tips_Mart.framework */ = {isa = PBXFileReference; explicitFileType = wrapper.framework; includeInIndex = 0; path = Pods_Tips_Mart.framework; sourceTree = BUILT_PRODUCTS_DIR; };
/* End PBXFileReference section */

/* Begin PBXFrameworksBuildPhase section */
		C2C583AB22CCAFBC004CBCBF /* Frameworks */ = {
			isa = PBXFrameworksBuildPhase;
			buildActionMask = 2147483647;
			files = (
				4E81E302E85B0984E52EAB9C /* Pods_Tips_Mart.framework in Frameworks */,
			);
			runOnlyForDeploymentPostprocessing = 0;
		};
/* End PBXFrameworksBuildPhase section */

/* Begin PBXGroup section */
		496A5D95E65C563C42832D02 /* Pods */ = {
			isa = PBXGroup;
			children = (
				2F915C3B5A9219FCA6541D05 /* Pods-Tips-Mart.debug.xcconfig */,
				67AB7A58E90B811C4D679C59 /* Pods-Tips-Mart.release.xcconfig */,
				7D663EEFADAD98675A0E6B60 /* Pods-Tips-Mart-Tips-MartTests.debug.xcconfig */,
				0699CE87327A0C8BDBBB4899 /* Pods-Tips-Mart-Tips-MartTests.release.xcconfig */,
			);
			name = Pods;
			sourceTree = "<group>";
		};
		89FA4530CF71F43268B309B3 /* Frameworks */ = {
			isa = PBXGroup;
			children = (
				C2B4B82122CF80D60096CDC0 /* XCTest.framework */,
				D808B406DD4D9FA9FFD62B6E /* Pods_Tips_Mart.framework */,
				87FE2A4375636C5D15B4E063 /* Pods_Tips_Mart_Tips_MartTests.framework */,
			);
			name = Frameworks;
			sourceTree = "<group>";
		};
		C2175B5C22D49C2B0011839E /* Controller */ = {
			isa = PBXGroup;
			children = (
				C2175B6422D4A0DE0011839E /* ProfileController.swift */,
			);
			path = Controller;
			sourceTree = "<group>";
		};
		C2185EA122D76714009F3321 /* CategoryRow */ = {
			isa = PBXGroup;
			children = (
				C2185EA222D7672A009F3321 /* RowsCatCell.swift */,
				C2185EA622D76778009F3321 /* CategoruCellModel.swift */,
				C2185EA422D76757009F3321 /* RowsCatCell.xib */,
			);
			path = CategoryRow;
			sourceTree = "<group>";
		};
		C2185EAA22D767BB009F3321 /* Custom */ = {
			isa = PBXGroup;
			children = (
				C2185EAB22D767CF009F3321 /* CategoryButton.swift */,
			);
			path = Custom;
			sourceTree = "<group>";
		};
		C2185EAD22D76815009F3321 /* Header */ = {
			isa = PBXGroup;
			children = (
				C2185EAE22D7682E009F3321 /* HeaderView.swift */,
				C2185EB022D7684B009F3321 /* HeaderView.xib */,
			);
			path = Header;
			sourceTree = "<group>";
		};
		C2185EB222D76865009F3321 /* DataSourceDelegate */ = {
			isa = PBXGroup;
			children = (
				C2185EB422D7687F009F3321 /* TableDataSourceDelegate.swift */,
			);
			path = DataSourceDelegate;
			sourceTree = "<group>";
		};
		C2185EB622D768AC009F3321 /* ViewModel */ = {
			isa = PBXGroup;
			children = (
				C2185EB722D768C2009F3321 /* CategoryViewModel.swift */,
			);
			path = ViewModel;
			sourceTree = "<group>";
		};
		C2185EB922D768CE009F3321 /* Model */ = {
			isa = PBXGroup;
			children = (
				C2185EBA22D768E0009F3321 /* CategoryModel.swift */,
				C2185EBF22D769BC009F3321 /* CategoryModels.swift */,
			);
			path = Model;
			sourceTree = "<group>";
		};
		C2185EBC22D7690F009F3321 /* Filter */ = {
			isa = PBXGroup;
			children = (
				C2185EBD22D76918009F3321 /* Filter.swift */,
			);
			path = Filter;
			sourceTree = "<group>";
		};
		C2185EC122D76D0A009F3321 /* Categories */ = {
			isa = PBXGroup;
			children = (
				C2185EC222D76D3A009F3321 /* products.json */,
				C2185EC622D76E44009F3321 /* services.json */,
			);
			path = Categories;
			sourceTree = "<group>";
		};
		C2185ECB22D8AE4F009F3321 /* DetailShop */ = {
			isa = PBXGroup;
			children = (
				C2B0424622D8D3EF0039243A /* DSD */,
				C21F730522D8D18A000240D6 /* Controller */,
				C2185ECC22D8AE69009F3321 /* OneShop.storyboard */,
				C21F730122D8CE37000240D6 /* ReviewCell.swift */,
				C21F730222D8CE37000240D6 /* ReviewCell.xib */,
			);
			path = DetailShop;
			sourceTree = "<group>";
		};
		C21F730522D8D18A000240D6 /* Controller */ = {
			isa = PBXGroup;
			children = (
				C2B0424422D8D2260039243A /* DetailShopController.swift */,
			);
			path = Controller;
			sourceTree = "<group>";
		};
		C245948422D3606700B6902E /* MainPage */ = {
			isa = PBXGroup;
			children = (
				C245948722D3608200B6902E /* Model */,
				C245948622D3607C00B6902E /* Controller */,
				C245948522D3607200B6902E /* View */,
			);
			path = MainPage;
			sourceTree = "<group>";
		};
		C245948522D3607200B6902E /* View */ = {
			isa = PBXGroup;
			children = (
				C2175B5222D4916E0011839E /* MainPage.storyboard */,
				C28D33D622D387820072A95C /* MainPageView.swift */,
			);
			path = View;
			sourceTree = "<group>";
		};
		C245948622D3607C00B6902E /* Controller */ = {
			isa = PBXGroup;
			children = (
				C28D33D422D37F780072A95C /* MainPageController.swift */,
			);
			path = Controller;
			sourceTree = "<group>";
		};
		C245948722D3608200B6902E /* Model */ = {
			isa = PBXGroup;
			children = (
			);
			path = Model;
			sourceTree = "<group>";
		};
		C268149122D760B800B6B6F5 /* Categories */ = {
			isa = PBXGroup;
			children = (
				C2185EB922D768CE009F3321 /* Model */,
				C2185EB622D768AC009F3321 /* ViewModel */,
				C2185EB222D76865009F3321 /* DataSourceDelegate */,
				C2185EAA22D767BB009F3321 /* Custom */,
				C268149722D7625500B6B6F5 /* View */,
				C268149422D7622000B6B6F5 /* Controller */,
				C268149222D761F600B6B6F5 /* CategoriesFor.swift */,
			);
			path = Categories;
			sourceTree = "<group>";
		};
		C268149422D7622000B6B6F5 /* Controller */ = {
			isa = PBXGroup;
			children = (
				C268149522D7624400B6B6F5 /* MainCategoriesController.swift */,
			);
			path = Controller;
			sourceTree = "<group>";
		};
		C268149722D7625500B6B6F5 /* View */ = {
			isa = PBXGroup;
			children = (
				C2185EAD22D76815009F3321 /* Header */,
				C2185EA122D76714009F3321 /* CategoryRow */,
				C268149822D7626100B6B6F5 /* CategoriesMain.storyboard */,
			);
			path = View;
			sourceTree = "<group>";
		};
		C289187222D5EBD100A4DFB9 /* DATABASE */ = {
			isa = PBXGroup;
			children = (
				C289187322D5EBE800A4DFB9 /* ShopsDataRealm.swift */,
			);
			path = DATABASE;
			sourceTree = "<group>";
		};
		C289187922D5F87900A4DFB9 /* ShopsDataService */ = {
			isa = PBXGroup;
			children = (
				C289187722D5F14000A4DFB9 /* ShopsDataBaseService.swift */,
			);
			path = ShopsDataService;
			sourceTree = "<group>";
		};
		C28D33D822D389F20072A95C /* ProfileScene */ = {
			isa = PBXGroup;
			children = (
				C2175B5C22D49C2B0011839E /* Controller */,
				C28D33D922D38A330072A95C /* View */,
			);
			path = ProfileScene;
			sourceTree = "<group>";
		};
		C28D33D922D38A330072A95C /* View */ = {
			isa = PBXGroup;
			children = (
				C2175B4622D4913E0011839E /* Profile.storyboard */,
			);
			path = View;
			sourceTree = "<group>";
		};
		C28D33DC22D398E10072A95C /* MainTabBar */ = {
			isa = PBXGroup;
			children = (
				C28D33E222D399880072A95C /* View */,
				C28D33E122D3997F0072A95C /* Controller */,
			);
			path = MainTabBar;
			sourceTree = "<group>";
		};
		C28D33E122D3997F0072A95C /* Controller */ = {
			isa = PBXGroup;
			children = (
				C28D33DF22D399770072A95C /* MainTabBarController.swift */,
			);
			path = Controller;
			sourceTree = "<group>";
		};
		C28D33E222D399880072A95C /* View */ = {
			isa = PBXGroup;
			children = (
				C28D33DD22D398F40072A95C /* MainTabBar.storyboard */,
			);
			path = View;
			sourceTree = "<group>";
		};
		C2929B8F22D4DE950056E043 /* LoginRegistration */ = {
			isa = PBXGroup;
			children = (
				C2175B6922D4ACC20011839E /* InitUserService.swift */,
				C2B4B80822CF760B0096CDC0 /* NetworkProtocol.swift */,
				C2B4B7FB22CF4B8A0096CDC0 /* LoginNetworkService.swift */,
				C2B4B80522CF75D60096CDC0 /* RegistrationNetworkSerwice.swift */,
			);
			path = LoginRegistration;
			sourceTree = "<group>";
		};
		C2929B9022D4DEB40056E043 /* RefreshData */ = {
			isa = PBXGroup;
			children = (
				C2175B6D22D4C3AB0011839E /* RefreshTokenService.swift */,
				C2175B6B22D4C0E40011839E /* BalaceNetworkService.swift */,
				C2929B9122D4DF240056E043 /* RefreshProtocol.swift */,
			);
			path = RefreshData;
			sourceTree = "<group>";
		};
		C2929B9322D4E0970056E043 /* ShopsScene */ = {
			isa = PBXGroup;
			children = (
				C2185ECB22D8AE4F009F3321 /* DetailShop */,
				C2185EBC22D7690F009F3321 /* Filter */,
				C289187922D5F87900A4DFB9 /* ShopsDataService */,
				C2929BAA22D4EFDB0056E043 /* ShopsDSD */,
				C2929BA922D4EFC50056E043 /* ViewModel */,
				C2929BA822D4EFBF0056E043 /* Model */,
				C2929B9922D4E8360056E043 /* Controller */,
				C2929B9822D4E8300056E043 /* View */,
			);
			path = ShopsScene;
			sourceTree = "<group>";
		};
		C2929B9822D4E8300056E043 /* View */ = {
			isa = PBXGroup;
			children = (
				C2929B9422D4E0EF0056E043 /* ShopsScene.storyboard */,
				C2929B9A22D4E85B0056E043 /* TableShopCell.swift */,
				C2929B9B22D4E85B0056E043 /* TableShopCell.xib */,
				C2929B9E22D4E86F0056E043 /* ShopCollectionCell.swift */,
				C2929B9F22D4E86F0056E043 /* ShopCollectionCell.xib */,
			);
			path = View;
			sourceTree = "<group>";
		};
		C2929B9922D4E8360056E043 /* Controller */ = {
			isa = PBXGroup;
			children = (
				C2929B9622D4E45F0056E043 /* ShopsController.swift */,
			);
			path = Controller;
			sourceTree = "<group>";
		};
		C2929BA822D4EFBF0056E043 /* Model */ = {
			isa = PBXGroup;
			children = (
				C2929BA622D4EFB80056E043 /* ShopsModel.swift */,
			);
			path = Model;
			sourceTree = "<group>";
		};
		C2929BA922D4EFC50056E043 /* ViewModel */ = {
			isa = PBXGroup;
			children = (
				C2929BA422D4EFAD0056E043 /* ShopsViewModel.swift */,
			);
			path = ViewModel;
			sourceTree = "<group>";
		};
		C2929BAA22D4EFDB0056E043 /* ShopsDSD */ = {
			isa = PBXGroup;
			children = (
				C2929BA222D4EF9C0056E043 /* ShopsDSD.swift */,
			);
			path = ShopsDSD;
			sourceTree = "<group>";
		};
		C2B0424622D8D3EF0039243A /* DSD */ = {
			isa = PBXGroup;
			children = (
				C2B0424722D8D4070039243A /* ReviewDSD.swift */,
			);
			path = DSD;
			sourceTree = "<group>";
		};
		C2B4B7FF22CF4F450096CDC0 /* UTILITIES */ = {
			isa = PBXGroup;
			children = (
				C2185EC122D76D0A009F3321 /* Categories */,
				C2B4B80022CF4F570096CDC0 /* URLS.swift */,
				C289187522D5EF8A00A4DFB9 /* Constants.swift */,
			);
			path = UTILITIES;
			sourceTree = "<group>";
		};
		C2B4B80222CF5D500096CDC0 /* UserData */ = {
			isa = PBXGroup;
			children = (
				C2C583CC22CCB8AD004CBCBF /* RealmRegRealm.swift */,
				C2B4B7FD22CF4E470096CDC0 /* UserData.swift */,
				C2B4B80322CF5D990096CDC0 /* RealmService.swift */,
			);
			path = UserData;
			sourceTree = "<group>";
		};
		C2B4B80A22CF76C00096CDC0 /* RegistrationModel */ = {
			isa = PBXGroup;
			children = (
				C2B4B80B22CF76E20096CDC0 /* RegistrationModels.swift */,
				C2B4B82A22CF93180096CDC0 /* RegistrationViewModel.swift */,
			);
			path = RegistrationModel;
			sourceTree = "<group>";
		};
		C2C583A522CCAFBC004CBCBF = {
			isa = PBXGroup;
			children = (
				C220EAF622CFA708002C6B90 /* Localizable.strings */,
				C2C583B022CCAFBC004CBCBF /* Tips-Mart */,
				C2C583AF22CCAFBC004CBCBF /* Products */,
				496A5D95E65C563C42832D02 /* Pods */,
				89FA4530CF71F43268B309B3 /* Frameworks */,
			);
			sourceTree = "<group>";
		};
		C2C583AF22CCAFBC004CBCBF /* Products */ = {
			isa = PBXGroup;
			children = (
				C2C583AE22CCAFBC004CBCBF /* Tips-Mart.app */,
			);
			name = Products;
			sourceTree = "<group>";
		};
		C2C583B022CCAFBC004CBCBF /* Tips-Mart */ = {
			isa = PBXGroup;
			children = (
				C289187222D5EBD100A4DFB9 /* DATABASE */,
				C2C583C922CCB2F6004CBCBF /* Networking */,
				C2B4B80222CF5D500096CDC0 /* UserData */,
				C2B4B7FF22CF4F450096CDC0 /* UTILITIES */,
				C2C583EA22CCD597004CBCBF /* Extension */,
				C2C583DA22CCC175004CBCBF /* GothamPro */,
				C2C583C822CCB2D5004CBCBF /* App */,
				C2C583C322CCAFD1004CBCBF /* Screens */,
			);
			path = "Tips-Mart";
			sourceTree = "<group>";
		};
		C2C583C322CCAFD1004CBCBF /* Screens */ = {
			isa = PBXGroup;
			children = (
				C268149122D760B800B6B6F5 /* Categories */,
				C2929B9322D4E0970056E043 /* ShopsScene */,
				C28D33DC22D398E10072A95C /* MainTabBar */,
				C28D33D822D389F20072A95C /* ProfileScene */,
				C245948422D3606700B6902E /* MainPage */,
				C2C583C422CCB2A8004CBCBF /* LoginScrene */,
			);
			path = Screens;
			sourceTree = "<group>";
		};
		C2C583C422CCB2A8004CBCBF /* LoginScrene */ = {
			isa = PBXGroup;
			children = (
				C2B4B80A22CF76C00096CDC0 /* RegistrationModel */,
				C2C583F822CCFC5F004CBCBF /* ContinueRegistrationScrene */,
				C2C583C722CCB2BF004CBCBF /* Controller */,
				C2C583C622CCB2B9004CBCBF /* View */,
				C2C583C522CCB2B3004CBCBF /* LoginModel */,
			);
			path = LoginScrene;
			sourceTree = "<group>";
		};
		C2C583C522CCB2B3004CBCBF /* LoginModel */ = {
			isa = PBXGroup;
			children = (
				C20B327322CE715500533F75 /* LoginModel.swift */,
				C2B4B7F922CF49F70096CDC0 /* LoginViewModel.swift */,
			);
			path = LoginModel;
			sourceTree = "<group>";
		};
		C2C583C622CCB2B9004CBCBF /* View */ = {
			isa = PBXGroup;
			children = (
				C2C583B522CCAFBC004CBCBF /* Login.storyboard */,
				C2C583E222CCCB51004CBCBF /* RegXib.swift */,
				C220EADC22CF9DC9002C6B90 /* LogXib.xib */,
				C2C583E822CCD34C004CBCBF /* LogXib.swift */,
				C220EAE522CF9F47002C6B90 /* RegXib.xib */,
			);
			path = View;
			sourceTree = "<group>";
		};
		C2C583C722CCB2BF004CBCBF /* Controller */ = {
			isa = PBXGroup;
			children = (
				C2C583B322CCAFBC004CBCBF /* LoginContoller.swift */,
			);
			path = Controller;
			sourceTree = "<group>";
		};
		C2C583C822CCB2D5004CBCBF /* App */ = {
			isa = PBXGroup;
			children = (
				C2C583B122CCAFBC004CBCBF /* AppDelegate.swift */,
				C2C583BA22CCAFBD004CBCBF /* LaunchScreen.storyboard */,
				C2C583F522CCE712004CBCBF /* PreLoginScrene.storyboard */,
				C2C583F122CCE673004CBCBF /* PreLoginController.swift */,
				C2C583BD22CCAFBD004CBCBF /* Info.plist */,
				C2C583B822CCAFBD004CBCBF /* Assets.xcassets */,
			);
			path = App;
			sourceTree = "<group>";
		};
		C2C583C922CCB2F6004CBCBF /* Networking */ = {
			isa = PBXGroup;
			children = (
				C2929B9022D4DEB40056E043 /* RefreshData */,
				C2929B8F22D4DE950056E043 /* LoginRegistration */,
			);
			name = Networking;
			path = Screens/LoginScrene/Networking;
			sourceTree = "<group>";
		};
		C2C583DA22CCC175004CBCBF /* GothamPro */ = {
			isa = PBXGroup;
			children = (
				C2C583DB22CCC182004CBCBF /* CustomFonts.swift */,
				C2C583DD22CCC182004CBCBF /* gotham_pro_bold.ttf */,
				C2C583DF22CCC183004CBCBF /* gotham_pro_light.ttf */,
				C2C583DC22CCC182004CBCBF /* gotham_pro_medium.ttf */,
				C2C583DE22CCC182004CBCBF /* gotham_pro.ttf */,
			);
			path = GothamPro;
			sourceTree = "<group>";
		};
		C2C583EA22CCD597004CBCBF /* Extension */ = {
			isa = PBXGroup;
			children = (
				C2C583EB22CCD5A7004CBCBF /* UIColor +Color.swift */,
				C28CBEA622D340E700F53838 /* UITextField + RightPasswordView.swift */,
				C2185EA822D767A8009F3321 /* Array + Remove.swift */,
				C2C583F622CCFA5B004CBCBF /* Notification + Name.swift */,
				C2C5840322CDF987004CBCBF /* NavigationItem + Item.swift */,
				C20B327122CE464600533F75 /* PasswordBtn.swift */,
			);
			path = Extension;
			sourceTree = "<group>";
		};
		C2C583F822CCFC5F004CBCBF /* ContinueRegistrationScrene */ = {
			isa = PBXGroup;
			children = (
				C2C583FC22CCFC87004CBCBF /* Controller */,
				C2C583F922CCFC76004CBCBF /* view */,
			);
			path = ContinueRegistrationScrene;
			sourceTree = "<group>";
		};
		C2C583F922CCFC76004CBCBF /* view */ = {
			isa = PBXGroup;
			children = (
				C2C583FD22CCFCA2004CBCBF /* ContinueRegistration.storyboard */,
				C2C5840B22CE259F004CBCBF /* FinishRegView.swift */,
				C2C5840922CE01E4004CBCBF /* AuthView.swift */,
			);
			path = view;
			sourceTree = "<group>";
		};
		C2C583FC22CCFC87004CBCBF /* Controller */ = {
			isa = PBXGroup;
			children = (
				C2C583FF22CD0068004CBCBF /* ContinueRegistrationController.swift */,
				C2C5840122CD0474004CBCBF /* AgreementViewController.swift */,
				C2C5840522CDFE6D004CBCBF /* FinisRegistrationController.swift */,
			);
			path = Controller;
			sourceTree = "<group>";
		};
/* End PBXGroup section */

/* Begin PBXNativeTarget section */
		C2C583AD22CCAFBC004CBCBF /* Tips-Mart */ = {
			isa = PBXNativeTarget;
			buildConfigurationList = C2C583C022CCAFBD004CBCBF /* Build configuration list for PBXNativeTarget "Tips-Mart" */;
			buildPhases = (
				C8281AA0BDFF4925CC00F5CA /* [CP] Check Pods Manifest.lock */,
				C2C583AA22CCAFBC004CBCBF /* Sources */,
				C2C583AB22CCAFBC004CBCBF /* Frameworks */,
				C2C583AC22CCAFBC004CBCBF /* Resources */,
				3442B4954F27E02681E6E66B /* [CP] Embed Pods Frameworks */,
			);
			buildRules = (
			);
			dependencies = (
			);
			name = "Tips-Mart";
			productName = "Tips-Mart";
			productReference = C2C583AE22CCAFBC004CBCBF /* Tips-Mart.app */;
			productType = "com.apple.product-type.application";
		};
/* End PBXNativeTarget section */

/* Begin PBXProject section */
		C2C583A622CCAFBC004CBCBF /* Project object */ = {
			isa = PBXProject;
			attributes = {
				LastSwiftUpdateCheck = 1020;
				LastUpgradeCheck = 1020;
				ORGANIZATIONNAME = "Andrey Petrovskiy";
				TargetAttributes = {
					C2C583AD22CCAFBC004CBCBF = {
						CreatedOnToolsVersion = 10.2.1;
					};
				};
			};
			buildConfigurationList = C2C583A922CCAFBC004CBCBF /* Build configuration list for PBXProject "Tips-Mart" */;
			compatibilityVersion = "Xcode 9.3";
			developmentRegion = en;
			hasScannedForEncodings = 0;
			knownRegions = (
				en,
				Base,
				ru,
				uk,
			);
			mainGroup = C2C583A522CCAFBC004CBCBF;
			productRefGroup = C2C583AF22CCAFBC004CBCBF /* Products */;
			projectDirPath = "";
			projectRoot = "";
			targets = (
				C2C583AD22CCAFBC004CBCBF /* Tips-Mart */,
			);
		};
/* End PBXProject section */

/* Begin PBXResourcesBuildPhase section */
		C2C583AC22CCAFBC004CBCBF /* Resources */ = {
			isa = PBXResourcesBuildPhase;
			buildActionMask = 2147483647;
			files = (
				C220EAE322CF9F47002C6B90 /* RegXib.xib in Resources */,
				C2C583FE22CCFCA2004CBCBF /* ContinueRegistration.storyboard in Resources */,
				C21F730422D8CE37000240D6 /* ReviewCell.xib in Resources */,
				C2175B4422D4913E0011839E /* Profile.storyboard in Resources */,
				C2185EC322D76D3A009F3321 /* products.json in Resources */,
				C220EADA22CF9DC9002C6B90 /* LogXib.xib in Resources */,
				C2185EC722D76E44009F3321 /* services.json in Resources */,
				C2C583F322CCE712004CBCBF /* PreLoginScrene.storyboard in Resources */,
				C2C583BC22CCAFBD004CBCBF /* LaunchScreen.storyboard in Resources */,
				C2185EB122D7684B009F3321 /* HeaderView.xib in Resources */,
				C220EAF422CFA708002C6B90 /* Localizable.strings in Resources */,
				C2929B9522D4E0EF0056E043 /* ShopsScene.storyboard in Resources */,
				C268149922D7626100B6B6F5 /* CategoriesMain.storyboard in Resources */,
				C2929B9D22D4E85B0056E043 /* TableShopCell.xib in Resources */,
				C2929BA122D4E86F0056E043 /* ShopCollectionCell.xib in Resources */,
				C28D33DE22D398F50072A95C /* MainTabBar.storyboard in Resources */,
				C2175B5022D4916E0011839E /* MainPage.storyboard in Resources */,
				C2C583B922CCAFBD004CBCBF /* Assets.xcassets in Resources */,
				C2185ECD22D8AE69009F3321 /* OneShop.storyboard in Resources */,
				C2C583B722CCAFBC004CBCBF /* Login.storyboard in Resources */,
				C2185EA522D76757009F3321 /* RowsCatCell.xib in Resources */,
			);
			runOnlyForDeploymentPostprocessing = 0;
		};
/* End PBXResourcesBuildPhase section */

/* Begin PBXShellScriptBuildPhase section */
		3442B4954F27E02681E6E66B /* [CP] Embed Pods Frameworks */ = {
			isa = PBXShellScriptBuildPhase;
			buildActionMask = 2147483647;
			files = (
			);
			inputFileListPaths = (
			);
			inputPaths = (
				"${SRCROOT}/Pods/Target Support Files/Pods-Tips-Mart/Pods-Tips-Mart-frameworks.sh",
				"${BUILT_PRODUCTS_DIR}/Alamofire/Alamofire.framework",
				"${BUILT_PRODUCTS_DIR}/AlamofireImage/AlamofireImage.framework",
				"${BUILT_PRODUCTS_DIR}/NVActivityIndicatorView/NVActivityIndicatorView.framework",
				"${BUILT_PRODUCTS_DIR}/ReachabilitySwift/Reachability.framework",
				"${BUILT_PRODUCTS_DIR}/Realm/Realm.framework",
				"${BUILT_PRODUCTS_DIR}/RealmSwift/RealmSwift.framework",
				"${BUILT_PRODUCTS_DIR}/RxRealm/RxRealm.framework",
				"${BUILT_PRODUCTS_DIR}/RxSwift/RxSwift.framework",
				"${BUILT_PRODUCTS_DIR}/SwiftPhoneNumberFormatter/SwiftPhoneNumberFormatter.framework",
				"${BUILT_PRODUCTS_DIR}/SwiftSoup/SwiftSoup.framework",
			);
			name = "[CP] Embed Pods Frameworks";
			outputFileListPaths = (
			);
			outputPaths = (
				"${TARGET_BUILD_DIR}/${FRAMEWORKS_FOLDER_PATH}/Alamofire.framework",
				"${TARGET_BUILD_DIR}/${FRAMEWORKS_FOLDER_PATH}/AlamofireImage.framework",
				"${TARGET_BUILD_DIR}/${FRAMEWORKS_FOLDER_PATH}/NVActivityIndicatorView.framework",
				"${TARGET_BUILD_DIR}/${FRAMEWORKS_FOLDER_PATH}/Reachability.framework",
				"${TARGET_BUILD_DIR}/${FRAMEWORKS_FOLDER_PATH}/Realm.framework",
				"${TARGET_BUILD_DIR}/${FRAMEWORKS_FOLDER_PATH}/RealmSwift.framework",
				"${TARGET_BUILD_DIR}/${FRAMEWORKS_FOLDER_PATH}/RxRealm.framework",
				"${TARGET_BUILD_DIR}/${FRAMEWORKS_FOLDER_PATH}/RxSwift.framework",
				"${TARGET_BUILD_DIR}/${FRAMEWORKS_FOLDER_PATH}/SwiftPhoneNumberFormatter.framework",
				"${TARGET_BUILD_DIR}/${FRAMEWORKS_FOLDER_PATH}/SwiftSoup.framework",
			);
			runOnlyForDeploymentPostprocessing = 0;
			shellPath = /bin/sh;
			shellScript = "\"${SRCROOT}/Pods/Target Support Files/Pods-Tips-Mart/Pods-Tips-Mart-frameworks.sh\"\n";
			showEnvVarsInLog = 0;
		};
		C8281AA0BDFF4925CC00F5CA /* [CP] Check Pods Manifest.lock */ = {
			isa = PBXShellScriptBuildPhase;
			buildActionMask = 2147483647;
			files = (
			);
			inputFileListPaths = (
			);
			inputPaths = (
				"${PODS_PODFILE_DIR_PATH}/Podfile.lock",
				"${PODS_ROOT}/Manifest.lock",
			);
			name = "[CP] Check Pods Manifest.lock";
			outputFileListPaths = (
			);
			outputPaths = (
				"$(DERIVED_FILE_DIR)/Pods-Tips-Mart-checkManifestLockResult.txt",
			);
			runOnlyForDeploymentPostprocessing = 0;
			shellPath = /bin/sh;
			shellScript = "diff \"${PODS_PODFILE_DIR_PATH}/Podfile.lock\" \"${PODS_ROOT}/Manifest.lock\" > /dev/null\nif [ $? != 0 ] ; then\n    # print error to STDERR\n    echo \"error: The sandbox is not in sync with the Podfile.lock. Run 'pod install' or update your CocoaPods installation.\" >&2\n    exit 1\nfi\n# This output is used by Xcode 'outputs' to avoid re-running this script phase.\necho \"SUCCESS\" > \"${SCRIPT_OUTPUT_FILE_0}\"\n";
			showEnvVarsInLog = 0;
		};
/* End PBXShellScriptBuildPhase section */

/* Begin PBXSourcesBuildPhase section */
		C2C583AA22CCAFBC004CBCBF /* Sources */ = {
			isa = PBXSourcesBuildPhase;
			buildActionMask = 2147483647;
			files = (
				C2929B9722D4E45F0056E043 /* ShopsController.swift in Sources */,
				C28D33E022D399770072A95C /* MainTabBarController.swift in Sources */,
				C2C5840A22CE01E4004CBCBF /* AuthView.swift in Sources */,
				C2C583E322CCCB51004CBCBF /* RegXib.swift in Sources */,
				C2185EB522D7687F009F3321 /* TableDataSourceDelegate.swift in Sources */,
				C2C583B422CCAFBC004CBCBF /* LoginContoller.swift in Sources */,
				C289187422D5EBE800A4DFB9 /* ShopsDataRealm.swift in Sources */,
				C2B4B7FE22CF4E470096CDC0 /* UserData.swift in Sources */,
				C2185EA922D767A8009F3321 /* Array + Remove.swift in Sources */,
				C268149322D761F600B6B6F5 /* CategoriesFor.swift in Sources */,
				C2B0424522D8D2260039243A /* DetailShopController.swift in Sources */,
				C2B0424822D8D4070039243A /* ReviewDSD.swift in Sources */,
				C268149622D7624400B6B6F5 /* MainCategoriesController.swift in Sources */,
				C2175B6522D4A0DE0011839E /* ProfileController.swift in Sources */,
				C2185EAC22D767CF009F3321 /* CategoryButton.swift in Sources */,
				C21F730322D8CE37000240D6 /* ReviewCell.swift in Sources */,
				C2C583EC22CCD5A7004CBCBF /* UIColor +Color.swift in Sources */,
				C2C5840422CDF987004CBCBF /* NavigationItem + Item.swift in Sources */,
				C2929BA722D4EFB80056E043 /* ShopsModel.swift in Sources */,
				C2185EAF22D7682E009F3321 /* HeaderView.swift in Sources */,
				C289187622D5EF8A00A4DFB9 /* Constants.swift in Sources */,
				C2185EC022D769BC009F3321 /* CategoryModels.swift in Sources */,
				C2175B6C22D4C0E40011839E /* BalaceNetworkService.swift in Sources */,
				C2B4B80622CF75D60096CDC0 /* RegistrationNetworkSerwice.swift in Sources */,
				C2B4B80922CF760B0096CDC0 /* NetworkProtocol.swift in Sources */,
				C2929B9C22D4E85B0056E043 /* TableShopCell.swift in Sources */,
				C2185EA722D76778009F3321 /* CategoruCellModel.swift in Sources */,
				C2929BA322D4EF9C0056E043 /* ShopsDSD.swift in Sources */,
				C20B327422CE715500533F75 /* LoginModel.swift in Sources */,
				C2185EBE22D76918009F3321 /* Filter.swift in Sources */,
				C2C5840222CD0474004CBCBF /* AgreementViewController.swift in Sources */,
				C2C583CD22CCB8AD004CBCBF /* RealmRegRealm.swift in Sources */,
				C2175B6E22D4C3AB0011839E /* RefreshTokenService.swift in Sources */,
				C2185EA322D7672A009F3321 /* RowsCatCell.swift in Sources */,
				C2B4B80422CF5D990096CDC0 /* RealmService.swift in Sources */,
				C2C583B222CCAFBC004CBCBF /* AppDelegate.swift in Sources */,
				C2C5840022CD0068004CBCBF /* ContinueRegistrationController.swift in Sources */,
				C2B4B7FA22CF49F70096CDC0 /* LoginViewModel.swift in Sources */,
				C2C5840622CDFE6D004CBCBF /* FinisRegistrationController.swift in Sources */,
				C2C5840C22CE259F004CBCBF /* FinishRegView.swift in Sources */,
				C2175B6A22D4ACC20011839E /* InitUserService.swift in Sources */,
				C2C583E922CCD34C004CBCBF /* LogXib.swift in Sources */,
				C2929BA522D4EFAD0056E043 /* ShopsViewModel.swift in Sources */,
				C2B4B80C22CF76E20096CDC0 /* RegistrationModels.swift in Sources */,
				C2B4B80122CF4F570096CDC0 /* URLS.swift in Sources */,
				C28D33D522D37F780072A95C /* MainPageController.swift in Sources */,
				C2B4B82B22CF93180096CDC0 /* RegistrationViewModel.swift in Sources */,
				C289187822D5F14000A4DFB9 /* ShopsDataBaseService.swift in Sources */,
				C28D33D722D387820072A95C /* MainPageView.swift in Sources */,
				C2185EBB22D768E0009F3321 /* CategoryModel.swift in Sources */,
				C2B4B7FC22CF4B8A0096CDC0 /* LoginNetworkService.swift in Sources */,
				C28CBEA722D340E700F53838 /* UITextField + RightPasswordView.swift in Sources */,
				C2C583F722CCFA5B004CBCBF /* Notification + Name.swift in Sources */,
				C2C583F222CCE673004CBCBF /* PreLoginController.swift in Sources */,
				C2185EB822D768C2009F3321 /* CategoryViewModel.swift in Sources */,
				C20B327222CE464600533F75 /* PasswordBtn.swift in Sources */,
				C2929B9222D4DF240056E043 /* RefreshProtocol.swift in Sources */,
				C2929BA022D4E86F0056E043 /* ShopCollectionCell.swift in Sources */,
			);
			runOnlyForDeploymentPostprocessing = 0;
		};
/* End PBXSourcesBuildPhase section */

/* Begin PBXVariantGroup section */
		C2175B4622D4913E0011839E /* Profile.storyboard */ = {
			isa = PBXVariantGroup;
			children = (
				C2175B4522D4913E0011839E /* Base */,
				C2175B6622D4A4950011839E /* en */,
				C2175B6722D4A4990011839E /* ru */,
				C2175B6822D4A49D0011839E /* uk */,
			);
			name = Profile.storyboard;
			sourceTree = "<group>";
		};
		C2175B5222D4916E0011839E /* MainPage.storyboard */ = {
			isa = PBXVariantGroup;
			children = (
				C2175B5122D4916E0011839E /* Base */,
				C2175B6022D4A0150011839E /* ru */,
				C2175B6122D4A0190011839E /* uk */,
				C2175B6322D4A0360011839E /* en */,
			);
			name = MainPage.storyboard;
			sourceTree = "<group>";
		};
		C220EADC22CF9DC9002C6B90 /* LogXib.xib */ = {
			isa = PBXVariantGroup;
			children = (
				C220EADB22CF9DC9002C6B90 /* Base */,
				C220EAEF22CFA166002C6B90 /* en */,
				C220EAF022CFA16C002C6B90 /* ru */,
				C220EAF122CFA170002C6B90 /* uk */,
			);
			name = LogXib.xib;
			sourceTree = "<group>";
		};
		C220EAE522CF9F47002C6B90 /* RegXib.xib */ = {
			isa = PBXVariantGroup;
			children = (
				C220EAE422CF9F47002C6B90 /* Base */,
				C220EAEC22CFA094002C6B90 /* en */,
				C220EAED22CFA0A4002C6B90 /* ru */,
				C220EAEE22CFA0B2002C6B90 /* uk */,
			);
			name = RegXib.xib;
			sourceTree = "<group>";
		};
		C220EAF622CFA708002C6B90 /* Localizable.strings */ = {
			isa = PBXVariantGroup;
			children = (
				C220EAF522CFA708002C6B90 /* en */,
				C220EAF722CFA70C002C6B90 /* ru */,
				C220EAF822CFA70E002C6B90 /* uk */,
			);
			name = Localizable.strings;
			sourceTree = "<group>";
		};
		C2C583B522CCAFBC004CBCBF /* Login.storyboard */ = {
			isa = PBXVariantGroup;
			children = (
				C256AB1C22CFFC5700970D7E /* en */,
				C256AB2122CFFC6E00970D7E /* uk */,
				C256AB2222CFFC7200970D7E /* ru */,
			);
			name = Login.storyboard;
			sourceTree = "<group>";
		};
		C2C583BA22CCAFBD004CBCBF /* LaunchScreen.storyboard */ = {
			isa = PBXVariantGroup;
			children = (
				C2C583BB22CCAFBD004CBCBF /* Base */,
				C220EAD322CF9B3B002C6B90 /* ru */,
				C220EAD622CF9B4B002C6B90 /* uk */,
			);
			name = LaunchScreen.storyboard;
			sourceTree = "<group>";
		};
		C2C583F522CCE712004CBCBF /* PreLoginScrene.storyboard */ = {
			isa = PBXVariantGroup;
			children = (
				C2C583F422CCE712004CBCBF /* en */,
				C220EAD522CF9B3D002C6B90 /* ru */,
			);
			name = PreLoginScrene.storyboard;
			sourceTree = "<group>";
		};
/* End PBXVariantGroup section */

/* Begin XCBuildConfiguration section */
		C2C583BE22CCAFBD004CBCBF /* Debug */ = {
			isa = XCBuildConfiguration;
			buildSettings = {
				ALWAYS_SEARCH_USER_PATHS = NO;
				CLANG_ANALYZER_NONNULL = YES;
				CLANG_ANALYZER_NUMBER_OBJECT_CONVERSION = YES_AGGRESSIVE;
				CLANG_CXX_LANGUAGE_STANDARD = "gnu++14";
				CLANG_CXX_LIBRARY = "libc++";
				CLANG_ENABLE_MODULES = YES;
				CLANG_ENABLE_OBJC_ARC = YES;
				CLANG_ENABLE_OBJC_WEAK = YES;
				CLANG_WARN_BLOCK_CAPTURE_AUTORELEASING = YES;
				CLANG_WARN_BOOL_CONVERSION = YES;
				CLANG_WARN_COMMA = YES;
				CLANG_WARN_CONSTANT_CONVERSION = YES;
				CLANG_WARN_DEPRECATED_OBJC_IMPLEMENTATIONS = YES;
				CLANG_WARN_DIRECT_OBJC_ISA_USAGE = YES_ERROR;
				CLANG_WARN_DOCUMENTATION_COMMENTS = YES;
				CLANG_WARN_EMPTY_BODY = YES;
				CLANG_WARN_ENUM_CONVERSION = YES;
				CLANG_WARN_INFINITE_RECURSION = YES;
				CLANG_WARN_INT_CONVERSION = YES;
				CLANG_WARN_NON_LITERAL_NULL_CONVERSION = YES;
				CLANG_WARN_OBJC_IMPLICIT_RETAIN_SELF = YES;
				CLANG_WARN_OBJC_LITERAL_CONVERSION = YES;
				CLANG_WARN_OBJC_ROOT_CLASS = YES_ERROR;
				CLANG_WARN_RANGE_LOOP_ANALYSIS = YES;
				CLANG_WARN_STRICT_PROTOTYPES = YES;
				CLANG_WARN_SUSPICIOUS_MOVE = YES;
				CLANG_WARN_UNGUARDED_AVAILABILITY = YES_AGGRESSIVE;
				CLANG_WARN_UNREACHABLE_CODE = YES;
				CLANG_WARN__DUPLICATE_METHOD_MATCH = YES;
				CODE_SIGN_IDENTITY = "iPhone Developer";
				COPY_PHASE_STRIP = NO;
				DEBUG_INFORMATION_FORMAT = dwarf;
				ENABLE_STRICT_OBJC_MSGSEND = YES;
				ENABLE_TESTABILITY = YES;
				GCC_C_LANGUAGE_STANDARD = gnu11;
				GCC_DYNAMIC_NO_PIC = NO;
				GCC_NO_COMMON_BLOCKS = YES;
				GCC_OPTIMIZATION_LEVEL = 0;
				GCC_PREPROCESSOR_DEFINITIONS = (
					"DEBUG=1",
					"$(inherited)",
				);
				GCC_WARN_64_TO_32_BIT_CONVERSION = YES;
				GCC_WARN_ABOUT_RETURN_TYPE = YES_ERROR;
				GCC_WARN_UNDECLARED_SELECTOR = YES;
				GCC_WARN_UNINITIALIZED_AUTOS = YES_AGGRESSIVE;
				GCC_WARN_UNUSED_FUNCTION = YES;
				GCC_WARN_UNUSED_VARIABLE = YES;
				IPHONEOS_DEPLOYMENT_TARGET = 12.2;
				MTL_ENABLE_DEBUG_INFO = INCLUDE_SOURCE;
				MTL_FAST_MATH = YES;
				ONLY_ACTIVE_ARCH = YES;
				SDKROOT = iphoneos;
				SWIFT_ACTIVE_COMPILATION_CONDITIONS = DEBUG;
				SWIFT_OPTIMIZATION_LEVEL = "-Onone";
			};
			name = Debug;
		};
		C2C583BF22CCAFBD004CBCBF /* Release */ = {
			isa = XCBuildConfiguration;
			buildSettings = {
				ALWAYS_SEARCH_USER_PATHS = NO;
				CLANG_ANALYZER_NONNULL = YES;
				CLANG_ANALYZER_NUMBER_OBJECT_CONVERSION = YES_AGGRESSIVE;
				CLANG_CXX_LANGUAGE_STANDARD = "gnu++14";
				CLANG_CXX_LIBRARY = "libc++";
				CLANG_ENABLE_MODULES = YES;
				CLANG_ENABLE_OBJC_ARC = YES;
				CLANG_ENABLE_OBJC_WEAK = YES;
				CLANG_WARN_BLOCK_CAPTURE_AUTORELEASING = YES;
				CLANG_WARN_BOOL_CONVERSION = YES;
				CLANG_WARN_COMMA = YES;
				CLANG_WARN_CONSTANT_CONVERSION = YES;
				CLANG_WARN_DEPRECATED_OBJC_IMPLEMENTATIONS = YES;
				CLANG_WARN_DIRECT_OBJC_ISA_USAGE = YES_ERROR;
				CLANG_WARN_DOCUMENTATION_COMMENTS = YES;
				CLANG_WARN_EMPTY_BODY = YES;
				CLANG_WARN_ENUM_CONVERSION = YES;
				CLANG_WARN_INFINITE_RECURSION = YES;
				CLANG_WARN_INT_CONVERSION = YES;
				CLANG_WARN_NON_LITERAL_NULL_CONVERSION = YES;
				CLANG_WARN_OBJC_IMPLICIT_RETAIN_SELF = YES;
				CLANG_WARN_OBJC_LITERAL_CONVERSION = YES;
				CLANG_WARN_OBJC_ROOT_CLASS = YES_ERROR;
				CLANG_WARN_RANGE_LOOP_ANALYSIS = YES;
				CLANG_WARN_STRICT_PROTOTYPES = YES;
				CLANG_WARN_SUSPICIOUS_MOVE = YES;
				CLANG_WARN_UNGUARDED_AVAILABILITY = YES_AGGRESSIVE;
				CLANG_WARN_UNREACHABLE_CODE = YES;
				CLANG_WARN__DUPLICATE_METHOD_MATCH = YES;
				CODE_SIGN_IDENTITY = "iPhone Developer";
				COPY_PHASE_STRIP = NO;
				DEBUG_INFORMATION_FORMAT = "dwarf-with-dsym";
				ENABLE_NS_ASSERTIONS = NO;
				ENABLE_STRICT_OBJC_MSGSEND = YES;
				GCC_C_LANGUAGE_STANDARD = gnu11;
				GCC_NO_COMMON_BLOCKS = YES;
				GCC_WARN_64_TO_32_BIT_CONVERSION = YES;
				GCC_WARN_ABOUT_RETURN_TYPE = YES_ERROR;
				GCC_WARN_UNDECLARED_SELECTOR = YES;
				GCC_WARN_UNINITIALIZED_AUTOS = YES_AGGRESSIVE;
				GCC_WARN_UNUSED_FUNCTION = YES;
				GCC_WARN_UNUSED_VARIABLE = YES;
				IPHONEOS_DEPLOYMENT_TARGET = 12.2;
				MTL_ENABLE_DEBUG_INFO = NO;
				MTL_FAST_MATH = YES;
				SDKROOT = iphoneos;
				SWIFT_COMPILATION_MODE = wholemodule;
				SWIFT_OPTIMIZATION_LEVEL = "-O";
				VALIDATE_PRODUCT = YES;
			};
			name = Release;
		};
		C2C583C122CCAFBD004CBCBF /* Debug */ = {
			isa = XCBuildConfiguration;
			baseConfigurationReference = 2F915C3B5A9219FCA6541D05 /* Pods-Tips-Mart.debug.xcconfig */;
			buildSettings = {
				ASSETCATALOG_COMPILER_APPICON_NAME = AppIcon;
				CODE_SIGN_STYLE = Automatic;
				DEVELOPMENT_TEAM = SSF7F7A55A;
				INFOPLIST_FILE = "$(SRCROOT)/Tips-Mart/App/Info.plist";
				LD_RUNPATH_SEARCH_PATHS = (
					"$(inherited)",
					"@executable_path/Frameworks",
				);
				PRODUCT_BUNDLE_IDENTIFIER = "andreyP.Tips-Mart";
				PRODUCT_NAME = "$(TARGET_NAME)";
				SWIFT_VERSION = 5.0;
				TARGETED_DEVICE_FAMILY = "1,2";
			};
			name = Debug;
		};
		C2C583C222CCAFBD004CBCBF /* Release */ = {
			isa = XCBuildConfiguration;
			baseConfigurationReference = 67AB7A58E90B811C4D679C59 /* Pods-Tips-Mart.release.xcconfig */;
			buildSettings = {
				ASSETCATALOG_COMPILER_APPICON_NAME = AppIcon;
				CODE_SIGN_STYLE = Automatic;
				DEVELOPMENT_TEAM = SSF7F7A55A;
				INFOPLIST_FILE = "$(SRCROOT)/Tips-Mart/App/Info.plist";
				LD_RUNPATH_SEARCH_PATHS = (
					"$(inherited)",
					"@executable_path/Frameworks",
				);
				PRODUCT_BUNDLE_IDENTIFIER = "andreyP.Tips-Mart";
				PRODUCT_NAME = "$(TARGET_NAME)";
				SWIFT_VERSION = 5.0;
				TARGETED_DEVICE_FAMILY = "1,2";
			};
			name = Release;
		};
/* End XCBuildConfiguration section */

/* Begin XCConfigurationList section */
		C2C583A922CCAFBC004CBCBF /* Build configuration list for PBXProject "Tips-Mart" */ = {
			isa = XCConfigurationList;
			buildConfigurations = (
				C2C583BE22CCAFBD004CBCBF /* Debug */,
				C2C583BF22CCAFBD004CBCBF /* Release */,
			);
			defaultConfigurationIsVisible = 0;
			defaultConfigurationName = Release;
		};
		C2C583C022CCAFBD004CBCBF /* Build configuration list for PBXNativeTarget "Tips-Mart" */ = {
			isa = XCConfigurationList;
			buildConfigurations = (
				C2C583C122CCAFBD004CBCBF /* Debug */,
				C2C583C222CCAFBD004CBCBF /* Release */,
			);
			defaultConfigurationIsVisible = 0;
			defaultConfigurationName = Release;
		};
/* End XCConfigurationList section */
	};
	rootObject = C2C583A622CCAFBC004CBCBF /* Project object */;
}
